{
  "version": 4,
  "terraform_version": "1.10.3",
  "serial": 194,
  "lineage": "3c8c7525-1e60-8759-27c1-3ceba376fa87",
  "outputs": {
    "boto3_layer_arn": {
      "value": "arn:aws:lambda:us-west-1:396913719177:layer:staging-boto3-layer:1",
      "type": "string"
    },
    "psycopg2_layer_arn": {
      "value": "arn:aws:lambda:us-west-1:396913719177:layer:staging-psycopg2-layer:1",
      "type": "string"
    },
    "requests_layer_arn": {
      "value": "arn:aws:lambda:us-west-1:396913719177:layer:staging-requests-layer:1",
      "type": "string"
    }
  },
  "resources": [
    {
      "mode": "data",
      "type": "aws_iam_role",
      "name": "glue_role",
      "provider": "provider[\"registry.terraform.io/hashicorp/aws\"]",
      "instances": [
        {
          "schema_version": 0,
          "attributes": {
            "arn": "arn:aws:iam::396913719177:role/AWSGlueServiceRole",
            "assume_role_policy": "{\"Version\":\"2012-10-17\",\"Statement\":[{\"Effect\":\"Allow\",\"Principal\":{\"Service\":\"glue.amazonaws.com\"},\"Action\":\"sts:AssumeRole\"}]}",
            "create_date": "2025-01-01T19:51:23Z",
            "description": "Allows Glue to call AWS services on your behalf. ",
            "id": "AWSGlueServiceRole",
            "max_session_duration": 3600,
            "name": "AWSGlueServiceRole",
            "path": "/",
            "permissions_boundary": "",
            "role_last_used": [
              {
                "last_used_date": "",
                "region": ""
              }
            ],
            "tags": {},
            "unique_id": "AROAVY2PGW6E7KQH2ATE5"
          },
          "sensitive_attributes": []
        }
      ]
    },
    {
      "mode": "data",
      "type": "aws_iam_role",
      "name": "lambda_role",
      "provider": "provider[\"registry.terraform.io/hashicorp/aws\"]",
      "instances": [
        {
          "schema_version": 0,
          "attributes": {
            "arn": "arn:aws:iam::396913719177:role/staging-lambda-role",
            "assume_role_policy": "{\"Version\":\"2012-10-17\",\"Statement\":[{\"Effect\":\"Allow\",\"Principal\":{\"Service\":\"lambda.amazonaws.com\"},\"Action\":\"sts:AssumeRole\"}]}",
            "create_date": "2025-01-07T17:51:08Z",
            "description": "Allows Lambda functions to call AWS services on your behalf.",
            "id": "staging-lambda-role",
            "max_session_duration": 3600,
            "name": "staging-lambda-role",
            "path": "/",
            "permissions_boundary": "",
            "role_last_used": [
              {
                "last_used_date": "",
                "region": ""
              }
            ],
            "tags": {},
            "unique_id": "AROAVY2PGW6EZEVEAUWTQ"
          },
          "sensitive_attributes": []
        }
      ]
    },
    {
      "mode": "managed",
      "type": "aws_glue_catalog_database",
      "name": "creator_catalyst",
      "provider": "provider[\"registry.terraform.io/hashicorp/aws\"]",
      "instances": [
        {
          "schema_version": 0,
          "attributes": {
            "arn": "arn:aws:glue:us-west-1:396913719177:database/staging-creator-catalyst-athena-database",
            "catalog_id": "396913719177",
            "create_table_default_permission": [
              {
                "permissions": [
                  "ALL"
                ],
                "principal": [
                  {
                    "data_lake_principal_identifier": "IAM_ALLOWED_PRINCIPALS"
                  }
                ]
              }
            ],
            "description": "",
            "id": "396913719177:staging-creator-catalyst-athena-database",
            "location_uri": "",
            "name": "staging-creator-catalyst-athena-database",
            "parameters": {},
            "tags": {},
            "tags_all": {},
            "target_database": []
          },
          "sensitive_attributes": [],
          "private": "bnVsbA=="
        }
      ]
    },
    {
      "mode": "managed",
      "type": "aws_lambda_event_source_mapping",
      "name": "media_analysis_sqs_trigger",
      "provider": "provider[\"registry.terraform.io/hashicorp/aws\"]",
      "instances": [
        {
          "schema_version": 0,
          "attributes": {
            "amazon_managed_kafka_event_source_config": [],
            "batch_size": 1,
            "bisect_batch_on_function_error": false,
            "destination_config": [],
            "document_db_event_source_config": [],
            "enabled": true,
            "event_source_arn": "arn:aws:sqs:us-west-1:396913719177:staging-media-processing",
            "filter_criteria": [],
            "function_arn": "arn:aws:lambda:us-west-1:396913719177:function:staging-media-analysis",
            "function_name": "arn:aws:lambda:us-west-1:396913719177:function:staging-media-analysis",
            "function_response_types": null,
            "id": "1b062bb8-7179-4f46-b9a9-d55615a9fde1",
            "last_modified": "2025-01-07T17:58:18Z",
            "last_processing_result": "",
            "maximum_batching_window_in_seconds": 0,
            "maximum_record_age_in_seconds": 0,
            "maximum_retry_attempts": 0,
            "parallelization_factor": 0,
            "queues": null,
            "scaling_config": [],
            "self_managed_event_source": [],
            "self_managed_kafka_event_source_config": [],
            "source_access_configuration": [],
            "starting_position": "",
            "starting_position_timestamp": "",
            "state": "Enabled",
            "state_transition_reason": "USER_INITIATED",
            "topics": null,
            "tumbling_window_in_seconds": 0,
            "uuid": "1b062bb8-7179-4f46-b9a9-d55615a9fde1"
          },
          "sensitive_attributes": [],
          "private": "bnVsbA==",
          "dependencies": [
            "aws_lambda_function.media_analysis",
            "aws_sqs_queue.media_processing",
            "data.aws_iam_role.lambda_role"
          ]
        }
      ]
    },
    {
      "mode": "managed",
      "type": "aws_lambda_function",
      "name": "media_analysis",
      "provider": "provider[\"registry.terraform.io/hashicorp/aws\"]",
      "instances": [
        {
          "schema_version": 0,
          "attributes": {
            "architectures": [
              "x86_64"
            ],
            "arn": "arn:aws:lambda:us-west-1:396913719177:function:staging-media-analysis",
            "code_signing_config_arn": "",
            "dead_letter_config": [],
            "description": "",
            "environment": [
              {
                "variables": {
                  "POSTS_BUCKET": "staging-creator-catalyst-analytics",
                  "POSTS_TABLE": "SocialNetworkPosts",
                  "RESPONSE_WEBHOOK_URL": "https://uyy2v7yn1c.execute-api.us-west-1.amazonaws.com/dev/unitarywh",
                  "UNITARY_API_KEY": "21be3bac-dca0-4cc2-b51a-819338a21d84",
                  "UNITARY_API_LOCATION": "https://api.unitary.ai/v1"
                }
              }
            ],
            "ephemeral_storage": [
              {
                "size": 512
              }
            ],
            "file_system_config": [],
            "filename": "compressed/staging-media-analysis.zip",
            "function_name": "staging-media-analysis",
            "handler": "lambda_function.lambda_handler",
            "id": "staging-media-analysis",
            "image_config": [],
            "image_uri": "",
            "invoke_arn": "arn:aws:apigateway:us-west-1:lambda:path/2015-03-31/functions/arn:aws:lambda:us-west-1:396913719177:function:staging-media-analysis/invocations",
            "kms_key_arn": "",
            "last_modified": "2025-01-07T17:58:11.959+0000",
            "layers": null,
            "memory_size": 128,
            "package_type": "Zip",
            "publish": false,
            "qualified_arn": "arn:aws:lambda:us-west-1:396913719177:function:staging-media-analysis:$LATEST",
            "qualified_invoke_arn": "arn:aws:apigateway:us-west-1:lambda:path/2015-03-31/functions/arn:aws:lambda:us-west-1:396913719177:function:staging-media-analysis:$LATEST/invocations",
            "replace_security_groups_on_destroy": null,
            "replacement_security_group_ids": null,
            "reserved_concurrent_executions": -1,
            "role": "arn:aws:iam::396913719177:role/staging-lambda-role",
            "runtime": "python3.10",
            "s3_bucket": null,
            "s3_key": null,
            "s3_object_version": null,
            "signing_job_arn": "",
            "signing_profile_version_arn": "",
            "skip_destroy": false,
            "snap_start": [],
            "source_code_hash": "az1iV3hl+7vagR3IuOkVFhoZDVueahF5DzsiI0E1NPI=",
            "source_code_size": 1827,
            "tags": null,
            "tags_all": {},
            "timeout": 3,
            "timeouts": null,
            "tracing_config": [
              {
                "mode": "PassThrough"
              }
            ],
            "version": "$LATEST",
            "vpc_config": []
          },
          "sensitive_attributes": [],
          "private": "eyJlMmJmYjczMC1lY2FhLTExZTYtOGY4OC0zNDM2M2JjN2M0YzAiOnsiY3JlYXRlIjo2MDAwMDAwMDAwMDAsImRlbGV0ZSI6NjAwMDAwMDAwMDAwLCJ1cGRhdGUiOjYwMDAwMDAwMDAwMH19",
          "dependencies": [
            "data.aws_iam_role.lambda_role"
          ]
        }
      ]
    },
    {
      "mode": "managed",
      "type": "aws_lambda_function",
      "name": "unitary_webhook",
      "provider": "provider[\"registry.terraform.io/hashicorp/aws\"]",
      "instances": [
        {
          "schema_version": 0,
          "attributes": {
            "architectures": [
              "x86_64"
            ],
            "arn": "arn:aws:lambda:us-west-1:396913719177:function:staging-unitary-webhook",
            "code_signing_config_arn": "",
            "dead_letter_config": [],
            "description": "",
            "environment": [
              {
                "variables": {
                  "POSTS_BUCKET": "data-creator-catalyst",
                  "POSTS_TABLE": "SocialNetworkPosts",
                  "TAGS_BUCKET": "tags-creator-catalyst"
                }
              }
            ],
            "ephemeral_storage": [
              {
                "size": 512
              }
            ],
            "file_system_config": [],
            "filename": "compressed/staging-unitary-webhook.zip",
            "function_name": "staging-unitary-webhook",
            "handler": "lambda_function.lambda_handler",
            "id": "staging-unitary-webhook",
            "image_config": [],
            "image_uri": "",
            "invoke_arn": "arn:aws:apigateway:us-west-1:lambda:path/2015-03-31/functions/arn:aws:lambda:us-west-1:396913719177:function:staging-unitary-webhook/invocations",
            "kms_key_arn": "",
            "last_modified": "2025-01-07T17:58:05.974+0000",
            "layers": null,
            "memory_size": 128,
            "package_type": "Zip",
            "publish": false,
            "qualified_arn": "arn:aws:lambda:us-west-1:396913719177:function:staging-unitary-webhook:$LATEST",
            "qualified_invoke_arn": "arn:aws:apigateway:us-west-1:lambda:path/2015-03-31/functions/arn:aws:lambda:us-west-1:396913719177:function:staging-unitary-webhook:$LATEST/invocations",
            "replace_security_groups_on_destroy": null,
            "replacement_security_group_ids": null,
            "reserved_concurrent_executions": -1,
            "role": "arn:aws:iam::396913719177:role/staging-lambda-role",
            "runtime": "python3.10",
            "s3_bucket": null,
            "s3_key": null,
            "s3_object_version": null,
            "signing_job_arn": "",
            "signing_profile_version_arn": "",
            "skip_destroy": false,
            "snap_start": [],
            "source_code_hash": "qePUVnMgi9aV67BMW+WF6SqTbZ/3lqZOgejmLMHTw5w=",
            "source_code_size": 1177,
            "tags": null,
            "tags_all": {},
            "timeout": 3,
            "timeouts": null,
            "tracing_config": [
              {
                "mode": "PassThrough"
              }
            ],
            "version": "$LATEST",
            "vpc_config": []
          },
          "sensitive_attributes": [],
          "private": "eyJlMmJmYjczMC1lY2FhLTExZTYtOGY4OC0zNDM2M2JjN2M0YzAiOnsiY3JlYXRlIjo2MDAwMDAwMDAwMDAsImRlbGV0ZSI6NjAwMDAwMDAwMDAwLCJ1cGRhdGUiOjYwMDAwMDAwMDAwMH19",
          "dependencies": [
            "data.aws_iam_role.lambda_role"
          ]
        }
      ]
    },
    {
      "mode": "managed",
      "type": "aws_lambda_layer_version",
      "name": "boto3_layer",
      "provider": "provider[\"registry.terraform.io/hashicorp/aws\"]",
      "instances": [
        {
          "schema_version": 0,
          "attributes": {
            "arn": "arn:aws:lambda:us-west-1:396913719177:layer:staging-boto3-layer:1",
            "compatible_architectures": [],
            "compatible_runtimes": [
              "python3.10",
              "python3.9"
            ],
            "created_date": "2025-01-07T17:54:54.164+0000",
            "description": "Layer for boto3 library",
            "filename": "layers/compressed/boto3-layer.zip",
            "id": "arn:aws:lambda:us-west-1:396913719177:layer:staging-boto3-layer:1",
            "layer_arn": "arn:aws:lambda:us-west-1:396913719177:layer:staging-boto3-layer",
            "layer_name": "staging-boto3-layer",
            "license_info": "",
            "s3_bucket": null,
            "s3_key": null,
            "s3_object_version": null,
            "signing_job_arn": "",
            "signing_profile_version_arn": "",
            "skip_destroy": false,
            "source_code_hash": "J8XsuwAXvEF96uNcz8nifmO9ZJLRCKHh8V8S0bKrAes=",
            "source_code_size": 20553570,
            "version": "1"
          },
          "sensitive_attributes": [],
          "private": "bnVsbA=="
        }
      ]
    },
    {
      "mode": "managed",
      "type": "aws_lambda_layer_version",
      "name": "psycopg2_layer",
      "provider": "provider[\"registry.terraform.io/hashicorp/aws\"]",
      "instances": [
        {
          "schema_version": 0,
          "attributes": {
            "arn": "arn:aws:lambda:us-west-1:396913719177:layer:staging-psycopg2-layer:1",
            "compatible_architectures": [],
            "compatible_runtimes": [
              "python3.10",
              "python3.9"
            ],
            "created_date": "2025-01-07T17:55:00.707+0000",
            "description": "",
            "filename": "layers/compressed/psycopg2-layer.zip",
            "id": "arn:aws:lambda:us-west-1:396913719177:layer:staging-psycopg2-layer:1",
            "layer_arn": "arn:aws:lambda:us-west-1:396913719177:layer:staging-psycopg2-layer",
            "layer_name": "staging-psycopg2-layer",
            "license_info": "",
            "s3_bucket": null,
            "s3_key": null,
            "s3_object_version": null,
            "signing_job_arn": "",
            "signing_profile_version_arn": "",
            "skip_destroy": false,
            "source_code_hash": "YAGy3XOd6REy4zyPJMe8HJymGfcI1nI7zjBH60gFzuI=",
            "source_code_size": 8182337,
            "version": "1"
          },
          "sensitive_attributes": [],
          "private": "bnVsbA=="
        }
      ]
    },
    {
      "mode": "managed",
      "type": "aws_lambda_layer_version",
      "name": "requests_layer",
      "provider": "provider[\"registry.terraform.io/hashicorp/aws\"]",
      "instances": [
        {
          "schema_version": 0,
          "attributes": {
            "arn": "arn:aws:lambda:us-west-1:396913719177:layer:staging-requests-layer:1",
            "compatible_architectures": [],
            "compatible_runtimes": [
              "python3.10",
              "python3.9"
            ],
            "created_date": "2025-01-07T17:55:07.952+0000",
            "description": "",
            "filename": "layers/compressed/requests-layer.zip",
            "id": "arn:aws:lambda:us-west-1:396913719177:layer:staging-requests-layer:1",
            "layer_arn": "arn:aws:lambda:us-west-1:396913719177:layer:staging-requests-layer",
            "layer_name": "staging-requests-layer",
            "license_info": "",
            "s3_bucket": null,
            "s3_key": null,
            "s3_object_version": null,
            "signing_job_arn": "",
            "signing_profile_version_arn": "",
            "skip_destroy": false,
            "source_code_hash": "zEYDMWKsCkHqucpbyTwhE/rfLkqc8qwscbgLITGbPWg=",
            "source_code_size": 6135114,
            "version": "1"
          },
          "sensitive_attributes": [],
          "private": "bnVsbA=="
        }
      ]
    },
    {
      "mode": "managed",
      "type": "aws_sqs_queue",
      "name": "creator_catalyst_post_processing",
      "provider": "provider[\"registry.terraform.io/hashicorp/aws\"]",
      "instances": [
        {
          "schema_version": 0,
          "attributes": {
            "arn": "arn:aws:sqs:us-west-1:396913719177:staging-post-processing",
            "content_based_deduplication": false,
            "deduplication_scope": "",
            "delay_seconds": 0,
            "fifo_queue": false,
            "fifo_throughput_limit": "",
            "id": "https://sqs.us-west-1.amazonaws.com/396913719177/staging-post-processing",
            "kms_data_key_reuse_period_seconds": 300,
            "kms_master_key_id": "",
            "max_message_size": 262144,
            "message_retention_seconds": 345600,
            "name": "staging-post-processing",
            "name_prefix": "",
            "policy": "",
            "receive_wait_time_seconds": 0,
            "redrive_allow_policy": "",
            "redrive_policy": "",
            "sqs_managed_sse_enabled": true,
            "tags": {},
            "tags_all": {},
            "url": "https://sqs.us-west-1.amazonaws.com/396913719177/staging-post-processing",
            "visibility_timeout_seconds": 30
          },
          "sensitive_attributes": [],
          "private": "bnVsbA=="
        }
      ]
    },
    {
      "mode": "managed",
      "type": "aws_sqs_queue",
      "name": "creator_catalyst_queue_cc",
      "provider": "provider[\"registry.terraform.io/hashicorp/aws\"]",
      "instances": [
        {
          "schema_version": 0,
          "attributes": {
            "arn": "arn:aws:sqs:us-west-1:396913719177:staging-dev-queue-cc",
            "content_based_deduplication": false,
            "deduplication_scope": "",
            "delay_seconds": 0,
            "fifo_queue": false,
            "fifo_throughput_limit": "",
            "id": "https://sqs.us-west-1.amazonaws.com/396913719177/staging-dev-queue-cc",
            "kms_data_key_reuse_period_seconds": 300,
            "kms_master_key_id": "",
            "max_message_size": 262144,
            "message_retention_seconds": 345600,
            "name": "staging-dev-queue-cc",
            "name_prefix": "",
            "policy": "",
            "receive_wait_time_seconds": 0,
            "redrive_allow_policy": "",
            "redrive_policy": "",
            "sqs_managed_sse_enabled": true,
            "tags": {},
            "tags_all": {},
            "url": "https://sqs.us-west-1.amazonaws.com/396913719177/staging-dev-queue-cc",
            "visibility_timeout_seconds": 30
          },
          "sensitive_attributes": [],
          "private": "bnVsbA=="
        }
      ]
    },
    {
      "mode": "managed",
      "type": "aws_sqs_queue",
      "name": "media_processing",
      "provider": "provider[\"registry.terraform.io/hashicorp/aws\"]",
      "instances": [
        {
          "schema_version": 0,
          "attributes": {
            "arn": "arn:aws:sqs:us-west-1:396913719177:staging-media-processing",
            "content_based_deduplication": false,
            "deduplication_scope": "",
            "delay_seconds": 0,
            "fifo_queue": false,
            "fifo_throughput_limit": "",
            "id": "https://sqs.us-west-1.amazonaws.com/396913719177/staging-media-processing",
            "kms_data_key_reuse_period_seconds": 300,
            "kms_master_key_id": "",
            "max_message_size": 262144,
            "message_retention_seconds": 345600,
            "name": "staging-media-processing",
            "name_prefix": "",
            "policy": "",
            "receive_wait_time_seconds": 0,
            "redrive_allow_policy": "",
            "redrive_policy": "",
            "sqs_managed_sse_enabled": true,
            "tags": {},
            "tags_all": {},
            "url": "https://sqs.us-west-1.amazonaws.com/396913719177/staging-media-processing",
            "visibility_timeout_seconds": 30
          },
          "sensitive_attributes": [],
          "private": "bnVsbA=="
        }
      ]
    },
    {
      "mode": "managed",
      "type": "aws_sqs_queue",
      "name": "metrics_reporting",
      "provider": "provider[\"registry.terraform.io/hashicorp/aws\"]",
      "instances": [
        {
          "schema_version": 0,
          "attributes": {
            "arn": "arn:aws:sqs:us-west-1:396913719177:staging-metrics-reporting",
            "content_based_deduplication": false,
            "deduplication_scope": "",
            "delay_seconds": 0,
            "fifo_queue": false,
            "fifo_throughput_limit": "",
            "id": "https://sqs.us-west-1.amazonaws.com/396913719177/staging-metrics-reporting",
            "kms_data_key_reuse_period_seconds": 300,
            "kms_master_key_id": "",
            "max_message_size": 262144,
            "message_retention_seconds": 345600,
            "name": "staging-metrics-reporting",
            "name_prefix": "",
            "policy": "",
            "receive_wait_time_seconds": 0,
            "redrive_allow_policy": "",
            "redrive_policy": "",
            "sqs_managed_sse_enabled": true,
            "tags": {},
            "tags_all": {},
            "url": "https://sqs.us-west-1.amazonaws.com/396913719177/staging-metrics-reporting",
            "visibility_timeout_seconds": 30
          },
          "sensitive_attributes": [],
          "private": "bnVsbA=="
        }
      ]
    },
    {
      "mode": "managed",
      "type": "aws_sqs_queue",
      "name": "report_batches",
      "provider": "provider[\"registry.terraform.io/hashicorp/aws\"]",
      "instances": [
        {
          "schema_version": 0,
          "attributes": {
            "arn": "arn:aws:sqs:us-west-1:396913719177:staging-report-batches",
            "content_based_deduplication": false,
            "deduplication_scope": "",
            "delay_seconds": 0,
            "fifo_queue": false,
            "fifo_throughput_limit": "",
            "id": "https://sqs.us-west-1.amazonaws.com/396913719177/staging-report-batches",
            "kms_data_key_reuse_period_seconds": 300,
            "kms_master_key_id": "",
            "max_message_size": 262144,
            "message_retention_seconds": 345600,
            "name": "staging-report-batches",
            "name_prefix": "",
            "policy": "",
            "receive_wait_time_seconds": 0,
            "redrive_allow_policy": "",
            "redrive_policy": "",
            "sqs_managed_sse_enabled": true,
            "tags": {},
            "tags_all": {},
            "url": "https://sqs.us-west-1.amazonaws.com/396913719177/staging-report-batches",
            "visibility_timeout_seconds": 30
          },
          "sensitive_attributes": [],
          "private": "bnVsbA=="
        }
      ]
    }
  ],
  "check_results": null
}
