{
  "version": 4,
  "terraform_version": "1.10.5",
  "serial": 426,
  "lineage": "3c8c7525-1e60-8759-27c1-3ceba376fa87",
  "outputs": {
    "boto3_layer_arn": {
      "value": "arn:aws:lambda:us-west-1:396913719177:layer:develop-boto3-layer:2",
      "type": "string"
    },
    "psycopg2_layer_arn": {
      "value": "arn:aws:lambda:us-west-1:396913719177:layer:develop-psycopg2-layer:2",
      "type": "string"
    },
    "requests_layer_arn": {
      "value": "arn:aws:lambda:us-west-1:396913719177:layer:develop-requests-layer:2",
      "type": "string"
    }
  },
  "resources": [
    {
      "mode": "data",
      "type": "aws_iam_role",
      "name": "glue_role",
      "provider": "provider[\"registry.terraform.io/hashicorp/aws\"]",
      "instances": [
        {
          "schema_version": 0,
          "attributes": {
            "arn": "arn:aws:iam::396913719177:role/AWSGlueServiceRole",
            "assume_role_policy": "{\"Version\":\"2012-10-17\",\"Statement\":[{\"Effect\":\"Allow\",\"Principal\":{\"Service\":\"glue.amazonaws.com\"},\"Action\":\"sts:AssumeRole\"}]}",
            "create_date": "2025-01-01T19:51:23Z",
            "description": "Allows Glue to call AWS services on your behalf. ",
            "id": "AWSGlueServiceRole",
            "max_session_duration": 3600,
            "name": "AWSGlueServiceRole",
            "path": "/",
            "permissions_boundary": "",
            "role_last_used": [
              {
                "last_used_date": "2025-01-20T21:51:27Z",
                "region": "us-west-1"
              }
            ],
            "tags": {},
            "unique_id": "AROAVY2PGW6E7KQH2ATE5"
          },
          "sensitive_attributes": []
        }
      ]
    },
    {
      "mode": "data",
      "type": "aws_iam_role",
      "name": "lambda_role",
      "provider": "provider[\"registry.terraform.io/hashicorp/aws\"]",
      "instances": [
        {
          "schema_version": 0,
          "attributes": {
            "arn": "arn:aws:iam::396913719177:role/develop-lambda-role",
            "assume_role_policy": "{\"Version\":\"2012-10-17\",\"Statement\":[{\"Effect\":\"Allow\",\"Principal\":{\"Service\":\"lambda.amazonaws.com\"},\"Action\":\"sts:AssumeRole\"}]}",
            "create_date": "2024-12-19T04:02:01Z",
            "description": "Allows Lambda functions to call AWS services on your behalf.",
            "id": "develop-lambda-role",
            "max_session_duration": 3600,
            "name": "develop-lambda-role",
            "path": "/",
            "permissions_boundary": "",
            "role_last_used": [
              {
                "last_used_date": "2025-02-14T14:47:28Z",
                "region": "us-west-1"
              }
            ],
            "tags": {},
            "unique_id": "AROAVY2PGW6EWNCS7RSHS"
          },
          "sensitive_attributes": []
        }
      ]
    },
    {
      "mode": "data",
      "type": "aws_region",
      "name": "current",
      "provider": "provider[\"registry.terraform.io/hashicorp/aws\"]",
      "instances": [
        {
          "schema_version": 0,
          "attributes": {
            "description": "US West (N. California)",
            "endpoint": "ec2.us-west-1.amazonaws.com",
            "id": "us-west-1",
            "name": "us-west-1"
          },
          "sensitive_attributes": []
        }
      ]
    },
    {
      "mode": "managed",
      "type": "aws_api_gateway_account",
      "name": "apigateway_account",
      "provider": "provider[\"registry.terraform.io/hashicorp/aws\"]",
      "instances": [
        {
          "schema_version": 0,
          "attributes": {
            "cloudwatch_role_arn": "arn:aws:iam::396913719177:role/APIGatewayCloudWatchLogsRole",
            "id": "api-gateway-account",
            "throttle_settings": [
              {
                "burst_limit": 5000,
                "rate_limit": 10000
              }
            ]
          },
          "sensitive_attributes": [],
          "private": "bnVsbA==",
          "dependencies": [
            "aws_iam_role.apigateway_logging_role"
          ]
        }
      ]
    },
    {
      "mode": "managed",
      "type": "aws_api_gateway_api_key",
      "name": "api_key",
      "provider": "provider[\"registry.terraform.io/hashicorp/aws\"]",
      "instances": [
        {
          "schema_version": 0,
          "attributes": {
            "arn": "arn:aws:apigateway:us-west-1::/apikeys/shfn8f2wqh",
            "created_date": "2025-02-10T16:06:56Z",
            "description": "Managed by Terraform",
            "enabled": true,
            "id": "shfn8f2wqh",
            "last_updated_date": "2025-02-10T16:06:56Z",
            "name": "develop-api-key",
            "tags": {},
            "tags_all": {},
            "value": "JnQkWNEAhB17MnSY4uKex2eGuUzKFqyJ6ZLSj5Hg"
          },
          "sensitive_attributes": [
            [
              {
                "type": "get_attr",
                "value": "value"
              }
            ]
          ],
          "private": "bnVsbA=="
        }
      ]
    },
    {
      "mode": "managed",
      "type": "aws_api_gateway_deployment",
      "name": "creator_catalyst_integrations_deployment",
      "provider": "provider[\"registry.terraform.io/hashicorp/aws\"]",
      "instances": [
        {
          "schema_version": 0,
          "attributes": {
            "created_date": "2025-02-08T03:13:17Z",
            "description": "",
            "execution_arn": "arn:aws:execute-api:us-west-1:396913719177:az9y9aqo7h/develop",
            "id": "jsk8ud",
            "invoke_url": "https://az9y9aqo7h.execute-api.us-west-1.amazonaws.com/develop",
            "rest_api_id": "az9y9aqo7h",
            "stage_description": null,
            "stage_name": "develop",
            "triggers": null,
            "variables": null
          },
          "sensitive_attributes": [],
          "private": "bnVsbA==",
          "dependencies": [
            "aws_api_gateway_method.get_phyllo_profile_analytics_status",
            "aws_api_gateway_method.post_phyllo_profile_analytics_initiate",
            "aws_api_gateway_method.post_phyllo_profile_analytics_navi",
            "aws_api_gateway_resource.phyllo_profile_analytics",
            "aws_api_gateway_resource.phyllo_profile_analytics_initiate",
            "aws_api_gateway_resource.phyllo_profile_analytics_navi",
            "aws_api_gateway_resource.phyllo_profile_analytics_status",
            "aws_api_gateway_rest_api.creator_catalyst_integrations"
          ]
        }
      ]
    },
    {
      "mode": "managed",
      "type": "aws_api_gateway_integration",
      "name": "get_phyllo_profile_analytics_status_integration",
      "provider": "provider[\"registry.terraform.io/hashicorp/aws\"]",
      "instances": [
        {
          "schema_version": 0,
          "attributes": {
            "cache_key_parameters": [],
            "cache_namespace": "ccvmhg",
            "connection_id": "",
            "connection_type": "INTERNET",
            "content_handling": "",
            "credentials": "",
            "http_method": "GET",
            "id": "agi-az9y9aqo7h-ccvmhg-GET",
            "integration_http_method": "GET",
            "passthrough_behavior": "WHEN_NO_MATCH",
            "request_parameters": {},
            "request_templates": {},
            "resource_id": "ccvmhg",
            "rest_api_id": "az9y9aqo7h",
            "timeout_milliseconds": 29000,
            "tls_config": [],
            "type": "AWS_PROXY",
            "uri": "arn:aws:apigateway:us-west-1:lambda:path/2015-03-31/functions/arn:aws:lambda:us-west-1:396913719177:function:develop-phyllo-profile-analytics/invocations"
          },
          "sensitive_attributes": [],
          "private": "bnVsbA==",
          "dependencies": [
            "aws_api_gateway_method.get_phyllo_profile_analytics_status",
            "aws_api_gateway_resource.phyllo_profile_analytics",
            "aws_api_gateway_resource.phyllo_profile_analytics_status",
            "aws_api_gateway_rest_api.creator_catalyst_integrations",
            "aws_lambda_function.phyllo_profile_analytics",
            "aws_lambda_layer_version.boto3_layer",
            "aws_lambda_layer_version.httpx_layer",
            "data.aws_iam_role.lambda_role",
            "data.aws_region.current"
          ]
        }
      ]
    },
    {
      "mode": "managed",
      "type": "aws_api_gateway_integration",
      "name": "post_phyllo_profile_analytics_initiate_integration",
      "provider": "provider[\"registry.terraform.io/hashicorp/aws\"]",
      "instances": [
        {
          "schema_version": 0,
          "attributes": {
            "cache_key_parameters": [],
            "cache_namespace": "99lfd4",
            "connection_id": "",
            "connection_type": "INTERNET",
            "content_handling": "",
            "credentials": "",
            "http_method": "POST",
            "id": "agi-az9y9aqo7h-99lfd4-POST",
            "integration_http_method": "POST",
            "passthrough_behavior": "WHEN_NO_MATCH",
            "request_parameters": {},
            "request_templates": {},
            "resource_id": "99lfd4",
            "rest_api_id": "az9y9aqo7h",
            "timeout_milliseconds": 29000,
            "tls_config": [],
            "type": "AWS_PROXY",
            "uri": "arn:aws:apigateway:us-west-1:lambda:path/2015-03-31/functions/arn:aws:lambda:us-west-1:396913719177:function:develop-phyllo-profile-analytics/invocations"
          },
          "sensitive_attributes": [],
          "private": "bnVsbA==",
          "dependencies": [
            "aws_api_gateway_method.post_phyllo_profile_analytics_initiate",
            "aws_api_gateway_resource.phyllo_profile_analytics",
            "aws_api_gateway_resource.phyllo_profile_analytics_initiate",
            "aws_api_gateway_rest_api.creator_catalyst_integrations",
            "aws_lambda_function.phyllo_profile_analytics",
            "aws_lambda_layer_version.boto3_layer",
            "aws_lambda_layer_version.httpx_layer",
            "data.aws_iam_role.lambda_role",
            "data.aws_region.current"
          ]
        }
      ]
    },
    {
      "mode": "managed",
      "type": "aws_api_gateway_integration",
      "name": "post_phyllo_profile_analytics_navi_integration",
      "provider": "provider[\"registry.terraform.io/hashicorp/aws\"]",
      "instances": [
        {
          "schema_version": 0,
          "attributes": {
            "cache_key_parameters": null,
            "cache_namespace": "oxwv3g",
            "connection_id": "",
            "connection_type": "INTERNET",
            "content_handling": "",
            "credentials": "",
            "http_method": "POST",
            "id": "agi-az9y9aqo7h-oxwv3g-POST",
            "integration_http_method": "POST",
            "passthrough_behavior": "WHEN_NO_MATCH",
            "request_parameters": null,
            "request_templates": null,
            "resource_id": "oxwv3g",
            "rest_api_id": "az9y9aqo7h",
            "timeout_milliseconds": 29000,
            "tls_config": [],
            "type": "AWS_PROXY",
            "uri": "arn:aws:apigateway:us-west-1:lambda:path/2015-03-31/functions/arn:aws:lambda:us-west-1:396913719177:function:develop-phyllo-profile-analytics-navigation/invocations"
          },
          "sensitive_attributes": [],
          "private": "bnVsbA==",
          "dependencies": [
            "aws_api_gateway_method.post_phyllo_profile_analytics_navi",
            "aws_api_gateway_resource.phyllo_profile_analytics",
            "aws_api_gateway_resource.phyllo_profile_analytics_navi",
            "aws_api_gateway_rest_api.creator_catalyst_integrations",
            "aws_lambda_function.phyllo_profile_analytics_navigator",
            "aws_lambda_layer_version.boto3_layer",
            "data.aws_iam_role.lambda_role",
            "data.aws_region.current"
          ]
        }
      ]
    },
    {
      "mode": "managed",
      "type": "aws_api_gateway_integration",
      "name": "post_report_processing_integration",
      "provider": "provider[\"registry.terraform.io/hashicorp/aws\"]",
      "instances": [
        {
          "schema_version": 0,
          "attributes": {
            "cache_key_parameters": [],
            "cache_namespace": "exhrin",
            "connection_id": "",
            "connection_type": "INTERNET",
            "content_handling": "",
            "credentials": "",
            "http_method": "POST",
            "id": "agi-az9y9aqo7h-exhrin-POST",
            "integration_http_method": "POST",
            "passthrough_behavior": "WHEN_NO_MATCH",
            "request_parameters": {},
            "request_templates": {},
            "resource_id": "exhrin",
            "rest_api_id": "az9y9aqo7h",
            "timeout_milliseconds": 29000,
            "tls_config": [],
            "type": "AWS_PROXY",
            "uri": "arn:aws:apigateway:us-west-1:lambda:path/2015-03-31/functions/arn:aws:lambda:us-west-1:396913719177:function:develop-process-creator-report/invocations"
          },
          "sensitive_attributes": [],
          "private": "bnVsbA==",
          "dependencies": [
            "aws_api_gateway_method.post_report_processing",
            "aws_api_gateway_resource.report_processing",
            "aws_api_gateway_rest_api.creator_catalyst_integrations",
            "aws_lambda_function.process_creator_report",
            "aws_lambda_layer_version.requests_layer",
            "aws_sqs_queue.report_batches",
            "data.aws_iam_role.lambda_role",
            "data.aws_region.current"
          ]
        }
      ]
    },
    {
      "mode": "managed",
      "type": "aws_api_gateway_integration",
      "name": "post_unitary_wh_integration",
      "provider": "provider[\"registry.terraform.io/hashicorp/aws\"]",
      "instances": [
        {
          "schema_version": 0,
          "attributes": {
            "cache_key_parameters": [],
            "cache_namespace": "mxh600",
            "connection_id": "",
            "connection_type": "INTERNET",
            "content_handling": "",
            "credentials": "",
            "http_method": "POST",
            "id": "agi-az9y9aqo7h-mxh600-POST",
            "integration_http_method": "POST",
            "passthrough_behavior": "WHEN_NO_MATCH",
            "request_parameters": {},
            "request_templates": {},
            "resource_id": "mxh600",
            "rest_api_id": "az9y9aqo7h",
            "timeout_milliseconds": 29000,
            "tls_config": [],
            "type": "AWS_PROXY",
            "uri": "arn:aws:apigateway:us-west-1:lambda:path/2015-03-31/functions/arn:aws:lambda:us-west-1:396913719177:function:develop-unitary-webhook/invocations"
          },
          "sensitive_attributes": [],
          "private": "bnVsbA==",
          "dependencies": [
            "aws_api_gateway_method.post_unitary_wh",
            "aws_api_gateway_resource.unitary_wh",
            "aws_api_gateway_rest_api.creator_catalyst_integrations",
            "aws_lambda_function.unitary_webhook",
            "data.aws_iam_role.lambda_role",
            "data.aws_region.current"
          ]
        }
      ]
    },
    {
      "mode": "managed",
      "type": "aws_api_gateway_method",
      "name": "get_phyllo_profile_analytics_status",
      "provider": "provider[\"registry.terraform.io/hashicorp/aws\"]",
      "instances": [
        {
          "schema_version": 0,
          "attributes": {
            "api_key_required": true,
            "authorization": "NONE",
            "authorization_scopes": [],
            "authorizer_id": "",
            "http_method": "GET",
            "id": "agm-az9y9aqo7h-ccvmhg-GET",
            "operation_name": "",
            "request_models": {},
            "request_parameters": {},
            "request_validator_id": "",
            "resource_id": "ccvmhg",
            "rest_api_id": "az9y9aqo7h"
          },
          "sensitive_attributes": [],
          "private": "bnVsbA==",
          "dependencies": [
            "aws_api_gateway_resource.phyllo_profile_analytics",
            "aws_api_gateway_resource.phyllo_profile_analytics_status",
            "aws_api_gateway_rest_api.creator_catalyst_integrations"
          ]
        }
      ]
    },
    {
      "mode": "managed",
      "type": "aws_api_gateway_method",
      "name": "post_phyllo_profile_analytics_initiate",
      "provider": "provider[\"registry.terraform.io/hashicorp/aws\"]",
      "instances": [
        {
          "schema_version": 0,
          "attributes": {
            "api_key_required": true,
            "authorization": "NONE",
            "authorization_scopes": [],
            "authorizer_id": "",
            "http_method": "POST",
            "id": "agm-az9y9aqo7h-99lfd4-POST",
            "operation_name": "",
            "request_models": {},
            "request_parameters": {},
            "request_validator_id": "",
            "resource_id": "99lfd4",
            "rest_api_id": "az9y9aqo7h"
          },
          "sensitive_attributes": [],
          "private": "bnVsbA==",
          "dependencies": [
            "aws_api_gateway_resource.phyllo_profile_analytics",
            "aws_api_gateway_resource.phyllo_profile_analytics_initiate",
            "aws_api_gateway_rest_api.creator_catalyst_integrations"
          ]
        }
      ]
    },
    {
      "mode": "managed",
      "type": "aws_api_gateway_method",
      "name": "post_phyllo_profile_analytics_navi",
      "provider": "provider[\"registry.terraform.io/hashicorp/aws\"]",
      "instances": [
        {
          "schema_version": 0,
          "attributes": {
            "api_key_required": true,
            "authorization": "NONE",
            "authorization_scopes": [],
            "authorizer_id": "",
            "http_method": "POST",
            "id": "agm-az9y9aqo7h-oxwv3g-POST",
            "operation_name": "",
            "request_models": {},
            "request_parameters": {},
            "request_validator_id": "",
            "resource_id": "oxwv3g",
            "rest_api_id": "az9y9aqo7h"
          },
          "sensitive_attributes": [],
          "private": "bnVsbA==",
          "dependencies": [
            "aws_api_gateway_resource.phyllo_profile_analytics",
            "aws_api_gateway_resource.phyllo_profile_analytics_navi",
            "aws_api_gateway_rest_api.creator_catalyst_integrations"
          ]
        }
      ]
    },
    {
      "mode": "managed",
      "type": "aws_api_gateway_method",
      "name": "post_report_processing",
      "provider": "provider[\"registry.terraform.io/hashicorp/aws\"]",
      "instances": [
        {
          "schema_version": 0,
          "attributes": {
            "api_key_required": false,
            "authorization": "NONE",
            "authorization_scopes": [],
            "authorizer_id": "",
            "http_method": "POST",
            "id": "agm-az9y9aqo7h-exhrin-POST",
            "operation_name": "",
            "request_models": {},
            "request_parameters": {},
            "request_validator_id": "",
            "resource_id": "exhrin",
            "rest_api_id": "az9y9aqo7h"
          },
          "sensitive_attributes": [],
          "private": "bnVsbA==",
          "dependencies": [
            "aws_api_gateway_resource.report_processing",
            "aws_api_gateway_rest_api.creator_catalyst_integrations"
          ]
        }
      ]
    },
    {
      "mode": "managed",
      "type": "aws_api_gateway_method",
      "name": "post_unitary_wh",
      "provider": "provider[\"registry.terraform.io/hashicorp/aws\"]",
      "instances": [
        {
          "schema_version": 0,
          "attributes": {
            "api_key_required": false,
            "authorization": "NONE",
            "authorization_scopes": [],
            "authorizer_id": "",
            "http_method": "POST",
            "id": "agm-az9y9aqo7h-mxh600-POST",
            "operation_name": "",
            "request_models": {},
            "request_parameters": {},
            "request_validator_id": "",
            "resource_id": "mxh600",
            "rest_api_id": "az9y9aqo7h"
          },
          "sensitive_attributes": [],
          "private": "bnVsbA==",
          "dependencies": [
            "aws_api_gateway_resource.unitary_wh",
            "aws_api_gateway_rest_api.creator_catalyst_integrations"
          ]
        }
      ]
    },
    {
      "mode": "managed",
      "type": "aws_api_gateway_method_settings",
      "name": "post_unitary_wh_sdk_operation",
      "provider": "provider[\"registry.terraform.io/hashicorp/aws\"]",
      "instances": [
        {
          "schema_version": 0,
          "attributes": {
            "id": "az9y9aqo7h-develop-unitarywh/POST",
            "method_path": "unitarywh/POST",
            "rest_api_id": "az9y9aqo7h",
            "settings": [
              {
                "cache_data_encrypted": false,
                "cache_ttl_in_seconds": 300,
                "caching_enabled": false,
                "data_trace_enabled": false,
                "logging_level": "INFO",
                "metrics_enabled": false,
                "require_authorization_for_cache_control": true,
                "throttling_burst_limit": -1,
                "throttling_rate_limit": -1,
                "unauthorized_cache_control_header_strategy": "SUCCEED_WITH_RESPONSE_HEADER"
              }
            ],
            "stage_name": "develop"
          },
          "sensitive_attributes": [],
          "private": "bnVsbA==",
          "dependencies": [
            "aws_api_gateway_account.apigateway_account",
            "aws_api_gateway_rest_api.creator_catalyst_integrations",
            "aws_iam_role.apigateway_logging_role"
          ]
        }
      ]
    },
    {
      "mode": "managed",
      "type": "aws_api_gateway_resource",
      "name": "phyllo_profile_analytics",
      "provider": "provider[\"registry.terraform.io/hashicorp/aws\"]",
      "instances": [
        {
          "schema_version": 0,
          "attributes": {
            "id": "s1k2q9",
            "parent_id": "knfejli719",
            "path": "/phyllo-profile-analytics",
            "path_part": "phyllo-profile-analytics",
            "rest_api_id": "az9y9aqo7h"
          },
          "sensitive_attributes": [],
          "private": "bnVsbA==",
          "dependencies": [
            "aws_api_gateway_rest_api.creator_catalyst_integrations"
          ]
        }
      ]
    },
    {
      "mode": "managed",
      "type": "aws_api_gateway_resource",
      "name": "phyllo_profile_analytics_initiate",
      "provider": "provider[\"registry.terraform.io/hashicorp/aws\"]",
      "instances": [
        {
          "schema_version": 0,
          "attributes": {
            "id": "99lfd4",
            "parent_id": "s1k2q9",
            "path": "/phyllo-profile-analytics/initiate",
            "path_part": "initiate",
            "rest_api_id": "az9y9aqo7h"
          },
          "sensitive_attributes": [],
          "private": "bnVsbA==",
          "dependencies": [
            "aws_api_gateway_resource.phyllo_profile_analytics",
            "aws_api_gateway_rest_api.creator_catalyst_integrations"
          ]
        }
      ]
    },
    {
      "mode": "managed",
      "type": "aws_api_gateway_resource",
      "name": "phyllo_profile_analytics_navi",
      "provider": "provider[\"registry.terraform.io/hashicorp/aws\"]",
      "instances": [
        {
          "schema_version": 0,
          "attributes": {
            "id": "oxwv3g",
            "parent_id": "s1k2q9",
            "path": "/phyllo-profile-analytics/navi",
            "path_part": "navi",
            "rest_api_id": "az9y9aqo7h"
          },
          "sensitive_attributes": [],
          "private": "bnVsbA==",
          "dependencies": [
            "aws_api_gateway_resource.phyllo_profile_analytics",
            "aws_api_gateway_rest_api.creator_catalyst_integrations"
          ]
        }
      ]
    },
    {
      "mode": "managed",
      "type": "aws_api_gateway_resource",
      "name": "phyllo_profile_analytics_status",
      "provider": "provider[\"registry.terraform.io/hashicorp/aws\"]",
      "instances": [
        {
          "schema_version": 0,
          "attributes": {
            "id": "ccvmhg",
            "parent_id": "s1k2q9",
            "path": "/phyllo-profile-analytics/status",
            "path_part": "status",
            "rest_api_id": "az9y9aqo7h"
          },
          "sensitive_attributes": [],
          "private": "bnVsbA==",
          "dependencies": [
            "aws_api_gateway_resource.phyllo_profile_analytics",
            "aws_api_gateway_rest_api.creator_catalyst_integrations"
          ]
        }
      ]
    },
    {
      "mode": "managed",
      "type": "aws_api_gateway_resource",
      "name": "report_processing",
      "provider": "provider[\"registry.terraform.io/hashicorp/aws\"]",
      "instances": [
        {
          "schema_version": 0,
          "attributes": {
            "id": "exhrin",
            "parent_id": "knfejli719",
            "path": "/reportprocessing",
            "path_part": "reportprocessing",
            "rest_api_id": "az9y9aqo7h"
          },
          "sensitive_attributes": [],
          "private": "bnVsbA==",
          "dependencies": [
            "aws_api_gateway_rest_api.creator_catalyst_integrations"
          ]
        }
      ]
    },
    {
      "mode": "managed",
      "type": "aws_api_gateway_resource",
      "name": "unitary_wh",
      "provider": "provider[\"registry.terraform.io/hashicorp/aws\"]",
      "instances": [
        {
          "schema_version": 0,
          "attributes": {
            "id": "mxh600",
            "parent_id": "knfejli719",
            "path": "/unitarywh",
            "path_part": "unitarywh",
            "rest_api_id": "az9y9aqo7h"
          },
          "sensitive_attributes": [],
          "private": "bnVsbA==",
          "dependencies": [
            "aws_api_gateway_rest_api.creator_catalyst_integrations"
          ]
        }
      ]
    },
    {
      "mode": "managed",
      "type": "aws_api_gateway_rest_api",
      "name": "creator_catalyst_integrations",
      "provider": "provider[\"registry.terraform.io/hashicorp/aws\"]",
      "instances": [
        {
          "schema_version": 0,
          "attributes": {
            "api_key_source": "HEADER",
            "arn": "arn:aws:apigateway:us-west-1::/restapis/az9y9aqo7h",
            "binary_media_types": [],
            "body": null,
            "created_date": "2025-02-08T03:13:16Z",
            "description": "API Gateway for Creator Catalyst integrations",
            "disable_execute_api_endpoint": false,
            "endpoint_configuration": [
              {
                "types": [
                  "EDGE"
                ],
                "vpc_endpoint_ids": []
              }
            ],
            "execution_arn": "arn:aws:execute-api:us-west-1:396913719177:az9y9aqo7h",
            "fail_on_warnings": null,
            "id": "az9y9aqo7h",
            "minimum_compression_size": -1,
            "name": "develop-creator-catalyst-integrations",
            "parameters": null,
            "policy": "",
            "put_rest_api_mode": null,
            "root_resource_id": "knfejli719",
            "tags": {},
            "tags_all": {}
          },
          "sensitive_attributes": [],
          "private": "bnVsbA=="
        }
      ]
    },
    {
      "mode": "managed",
      "type": "aws_api_gateway_stage",
      "name": "develop_stage",
      "provider": "provider[\"registry.terraform.io/hashicorp/aws\"]",
      "instances": [
        {
          "schema_version": 0,
          "attributes": {
            "access_log_settings": [],
            "arn": "arn:aws:apigateway:us-west-1::/restapis/az9y9aqo7h/stages/develop",
            "cache_cluster_enabled": false,
            "cache_cluster_size": "",
            "canary_settings": [],
            "client_certificate_id": "",
            "deployment_id": "jsk8ud",
            "description": "Development stage for Creator Catalyst integrations",
            "documentation_version": "",
            "execution_arn": "arn:aws:execute-api:us-west-1:396913719177:az9y9aqo7h/develop",
            "id": "ags-az9y9aqo7h-develop",
            "invoke_url": "https://az9y9aqo7h.execute-api.us-west-1.amazonaws.com/develop",
            "rest_api_id": "az9y9aqo7h",
            "stage_name": "develop",
            "tags": {},
            "tags_all": {},
            "variables": {},
            "web_acl_arn": "",
            "xray_tracing_enabled": false
          },
          "sensitive_attributes": [],
          "private": "bnVsbA==",
          "dependencies": [
            "aws_api_gateway_deployment.creator_catalyst_integrations_deployment",
            "aws_api_gateway_method.get_phyllo_profile_analytics_status",
            "aws_api_gateway_method.post_phyllo_profile_analytics_initiate",
            "aws_api_gateway_method.post_phyllo_profile_analytics_navi",
            "aws_api_gateway_resource.phyllo_profile_analytics",
            "aws_api_gateway_resource.phyllo_profile_analytics_initiate",
            "aws_api_gateway_resource.phyllo_profile_analytics_navi",
            "aws_api_gateway_resource.phyllo_profile_analytics_status",
            "aws_api_gateway_rest_api.creator_catalyst_integrations"
          ]
        }
      ]
    },
    {
      "mode": "managed",
      "type": "aws_api_gateway_usage_plan",
      "name": "api_gateway_usage_plan",
      "provider": "provider[\"registry.terraform.io/hashicorp/aws\"]",
      "instances": [
        {
          "schema_version": 0,
          "attributes": {
            "api_stages": [
              {
                "api_id": "az9y9aqo7h",
                "stage": "develop",
                "throttle": []
              }
            ],
            "arn": "arn:aws:apigateway:us-west-1::/usageplans/pfpubo",
            "description": "",
            "id": "pfpubo",
            "name": "develop-api-gateway-usage-plan",
            "product_code": "",
            "quota_settings": [
              {
                "limit": 20,
                "offset": 2,
                "period": "WEEK"
              }
            ],
            "tags": {},
            "tags_all": {},
            "throttle_settings": [
              {
                "burst_limit": 5,
                "rate_limit": 10
              }
            ]
          },
          "sensitive_attributes": [],
          "private": "bnVsbA==",
          "dependencies": [
            "aws_api_gateway_deployment.creator_catalyst_integrations_deployment",
            "aws_api_gateway_method.get_phyllo_profile_analytics_status",
            "aws_api_gateway_method.post_phyllo_profile_analytics_initiate",
            "aws_api_gateway_method.post_phyllo_profile_analytics_navi",
            "aws_api_gateway_resource.phyllo_profile_analytics",
            "aws_api_gateway_resource.phyllo_profile_analytics_initiate",
            "aws_api_gateway_resource.phyllo_profile_analytics_navi",
            "aws_api_gateway_resource.phyllo_profile_analytics_status",
            "aws_api_gateway_rest_api.creator_catalyst_integrations",
            "aws_api_gateway_stage.develop_stage"
          ]
        }
      ]
    },
    {
      "mode": "managed",
      "type": "aws_api_gateway_usage_plan_key",
      "name": "api_usage_plan_key",
      "provider": "provider[\"registry.terraform.io/hashicorp/aws\"]",
      "instances": [
        {
          "schema_version": 0,
          "attributes": {
            "id": "shfn8f2wqh",
            "key_id": "shfn8f2wqh",
            "key_type": "API_KEY",
            "name": "develop-api-key",
            "usage_plan_id": "pfpubo",
            "value": "JnQkWNEAhB17MnSY4uKex2eGuUzKFqyJ6ZLSj5Hg"
          },
          "sensitive_attributes": [],
          "private": "bnVsbA==",
          "dependencies": [
            "aws_api_gateway_api_key.api_key",
            "aws_api_gateway_deployment.creator_catalyst_integrations_deployment",
            "aws_api_gateway_method.get_phyllo_profile_analytics_status",
            "aws_api_gateway_method.post_phyllo_profile_analytics_initiate",
            "aws_api_gateway_method.post_phyllo_profile_analytics_navi",
            "aws_api_gateway_resource.phyllo_profile_analytics",
            "aws_api_gateway_resource.phyllo_profile_analytics_initiate",
            "aws_api_gateway_resource.phyllo_profile_analytics_navi",
            "aws_api_gateway_resource.phyllo_profile_analytics_status",
            "aws_api_gateway_rest_api.creator_catalyst_integrations",
            "aws_api_gateway_stage.develop_stage",
            "aws_api_gateway_usage_plan.api_gateway_usage_plan"
          ]
        }
      ]
    },
    {
      "mode": "managed",
      "type": "aws_athena_workgroup",
      "name": "creator_workgroup",
      "provider": "provider[\"registry.terraform.io/hashicorp/aws\"]",
      "instances": [
        {
          "schema_version": 0,
          "attributes": {
            "arn": "arn:aws:athena:us-west-1:396913719177:workgroup/develop-creator-workgroup",
            "configuration": [
              {
                "bytes_scanned_cutoff_per_query": 0,
                "enforce_workgroup_configuration": true,
                "engine_version": [
                  {
                    "effective_engine_version": "Athena engine version 3",
                    "selected_engine_version": "AUTO"
                  }
                ],
                "execution_role": "",
                "publish_cloudwatch_metrics_enabled": true,
                "requester_pays_enabled": false,
                "result_configuration": [
                  {
                    "acl_configuration": [],
                    "encryption_configuration": [],
                    "expected_bucket_owner": "",
                    "output_location": "s3://develop-creator-catalyst-analytics/"
                  }
                ]
              }
            ],
            "description": "",
            "force_destroy": false,
            "id": "develop-creator-workgroup",
            "name": "develop-creator-workgroup",
            "state": "ENABLED",
            "tags": {},
            "tags_all": {}
          },
          "sensitive_attributes": [],
          "private": "bnVsbA==",
          "dependencies": [
            "aws_s3_bucket.creator_catalyst_analytics"
          ]
        }
      ]
    },
    {
      "mode": "managed",
      "type": "aws_cloudwatch_dashboard",
      "name": "creator_catalyst_dashboard",
      "provider": "provider[\"registry.terraform.io/hashicorp/aws\"]",
      "instances": [
        {
          "schema_version": 0,
          "attributes": {
            "dashboard_arn": "arn:aws:cloudwatch::396913719177:dashboard/develop-creator-catalyst-dashboard",
            "dashboard_body": "{\"widgets\":[{\"height\":6,\"properties\":{\"metrics\":[[\"AWS/Lambda\",\"Invocations\",\"FunctionName\",\"develop-posts-processing\"],[\".\",\"ConcurrentExecutions\",\".\",\".\",{\"color\":\"#dfb52c\"}],[\".\",\"Errors\",\".\",\".\",{\"color\":\"#fe6e73\"}]],\"period\":60,\"region\":\"us-west-1\",\"stacked\":false,\"stat\":\"Average\",\"title\":\"Posts Processing \",\"view\":\"timeSeries\"},\"type\":\"metric\",\"width\":6,\"x\":12,\"y\":1},{\"height\":6,\"properties\":{\"metrics\":[[\"AWS/Lambda\",\"Invocations\",\"FunctionName\",\"develop-unitary-webhook\",{\"color\":\"#08aad2\"}],[\".\",\"ConcurrentExecutions\",\".\",\".\",{\"color\":\"#dfb52c\"}],[\".\",\"Errors\",\".\",\".\",{\"color\":\"#fe6e73\"}]],\"period\":60,\"region\":\"us-west-1\",\"stacked\":false,\"stat\":\"Average\",\"title\":\"Unitary Webhook Response\",\"view\":\"timeSeries\"},\"type\":\"metric\",\"width\":8,\"x\":8,\"y\":7},{\"height\":6,\"properties\":{\"metrics\":[[\"AWS/Lambda\",\"Invocations\",\"FunctionName\",\"develop-media-analysis\",{\"color\":\"#08aad2\"}],[\".\",\"ConcurrentExecutions\",\".\",\".\",{\"color\":\"#dfb52c\"}],[\".\",\"Errors\",\".\",\".\",{\"color\":\"#fe6e73\"}]],\"period\":60,\"region\":\"us-west-1\",\"stacked\":false,\"stat\":\"Average\",\"title\":\"Media Processing\",\"view\":\"timeSeries\"},\"type\":\"metric\",\"width\":8,\"x\":0,\"y\":7},{\"height\":6,\"properties\":{\"metrics\":[[\"AWS/Lambda\",\"ConcurrentExecutions\",\"FunctionName\",\"develop-process-creator-report\",{\"color\":\"#dfb52c\"}],[\".\",\"Invocations\",\".\",\".\",{\"color\":\"#08aad2\"}],[\".\",\"Errors\",\".\",\".\",{\"color\":\"#fe6e73\"}]],\"period\":60,\"region\":\"us-west-1\",\"stacked\":false,\"stat\":\"Average\",\"title\":\"Report Processing \",\"view\":\"timeSeries\"},\"type\":\"metric\",\"width\":6,\"x\":0,\"y\":1},{\"height\":6,\"properties\":{\"metrics\":[[\"AWS/Lambda\",\"Invocations\",\"FunctionName\",\"develop-metrics\"],[\".\",\"ConcurrentExecutions\",\".\",\".\",{\"color\":\"#dfb52c\"}],[\".\",\"Errors\",\".\",\".\",{\"color\":\"#fe6e73\"}]],\"period\":60,\"region\":\"us-west-1\",\"stacked\":true,\"stat\":\"Average\",\"title\":\"Metrics Report\",\"view\":\"timeSeries\"},\"type\":\"metric\",\"width\":8,\"x\":16,\"y\":7},{\"height\":6,\"properties\":{\"metrics\":[[\"AWS/Lambda\",\"Invocations\",\"FunctionName\",\"develop-process-report-batch\"],[\".\",\"ConcurrentExecutions\",\".\",\".\",{\"color\":\"#dfb52c\"}],[\".\",\"Errors\",\".\",\".\",{\"color\":\"#fe6e73\"}]],\"period\":60,\"region\":\"us-west-1\",\"stacked\":false,\"stat\":\"Average\",\"title\":\"Report Processing - Batch\",\"view\":\"timeSeries\"},\"type\":\"metric\",\"width\":6,\"x\":6,\"y\":1},{\"height\":6,\"properties\":{\"metrics\":[[\"AWS/Lambda\",\"Invocations\",\"FunctionName\",\"develop-post-batch-processing\"],[\".\",\"Errors\",\".\",\".\",{\"color\":\"#fe6e73\"}],[\".\",\"ConcurrentExecutions\",\".\",\".\",{\"color\":\"#dfb52c\"}]],\"period\":60,\"region\":\"us-west-1\",\"stacked\":false,\"stat\":\"Average\",\"title\":\"Posts Processing - Batch\",\"view\":\"timeSeries\"},\"type\":\"metric\",\"width\":6,\"x\":18,\"y\":1},{\"height\":1,\"properties\":{\"background\":\"transparent\",\"markdown\":\"# Report Processing \"},\"type\":\"text\",\"width\":12,\"x\":0,\"y\":0},{\"height\":1,\"properties\":{\"background\":\"transparent\",\"markdown\":\"# Post Processing\"},\"type\":\"text\",\"width\":12,\"x\":12,\"y\":0}]}",
            "dashboard_name": "develop-creator-catalyst-dashboard",
            "id": "develop-creator-catalyst-dashboard"
          },
          "sensitive_attributes": [],
          "private": "bnVsbA==",
          "dependencies": [
            "aws_lambda_function.media_analysis",
            "aws_lambda_function.metrics",
            "aws_lambda_function.post_batch_processing",
            "aws_lambda_function.posts_processing",
            "aws_lambda_function.process_creator_report",
            "aws_lambda_function.process_report_batch",
            "aws_lambda_function.unitary_webhook",
            "aws_lambda_layer_version.psycopg2_layer",
            "aws_lambda_layer_version.requests_layer",
            "aws_s3_bucket.creator_catalyst_analytics",
            "aws_sqs_queue.creator_catalyst_queue_cc",
            "aws_sqs_queue.report_batches",
            "data.aws_iam_role.lambda_role"
          ]
        }
      ]
    },
    {
      "mode": "managed",
      "type": "aws_glue_catalog_database",
      "name": "creator_catalyst",
      "provider": "provider[\"registry.terraform.io/hashicorp/aws\"]",
      "instances": [
        {
          "schema_version": 0,
          "attributes": {
            "arn": "arn:aws:glue:us-west-1:396913719177:database/develop-creator-catalyst-athena-database",
            "catalog_id": "396913719177",
            "create_table_default_permission": [
              {
                "permissions": [
                  "ALL"
                ],
                "principal": [
                  {
                    "data_lake_principal_identifier": "IAM_ALLOWED_PRINCIPALS"
                  }
                ]
              }
            ],
            "description": "",
            "id": "396913719177:develop-creator-catalyst-athena-database",
            "location_uri": "",
            "name": "develop-creator-catalyst-athena-database",
            "parameters": {},
            "tags": {},
            "tags_all": {},
            "target_database": []
          },
          "sensitive_attributes": [],
          "private": "bnVsbA=="
        }
      ]
    },
    {
      "mode": "managed",
      "type": "aws_glue_catalog_table",
      "name": "metrics",
      "provider": "provider[\"registry.terraform.io/hashicorp/aws\"]",
      "instances": [
        {
          "schema_version": 0,
          "attributes": {
            "arn": "arn:aws:glue:us-west-1:396913719177:table/develop-creator-catalyst-athena-database/develop-metrics",
            "catalog_id": "396913719177",
            "database_name": "develop-creator-catalyst-athena-database",
            "description": "Creator Metrics Table for Analytics",
            "id": "396913719177:develop-creator-catalyst-athena-database:develop-metrics",
            "name": "develop-metrics",
            "owner": "",
            "parameters": {
              "UPDATED_BY_CRAWLER": "{var.environment}-posts-metrics-crawler",
              "classification": "json"
            },
            "partition_index": [],
            "partition_keys": [
              {
                "comment": "",
                "name": "platform",
                "type": "string"
              },
              {
                "comment": "",
                "name": "username",
                "type": "string"
              },
              {
                "comment": "",
                "name": "post_id",
                "type": "string"
              }
            ],
            "retention": 0,
            "storage_descriptor": [
              {
                "bucket_columns": [],
                "columns": [
                  {
                    "comment": "",
                    "name": "comments",
                    "parameters": {},
                    "type": "int"
                  },
                  {
                    "comment": "",
                    "name": "likes",
                    "parameters": {},
                    "type": "int"
                  },
                  {
                    "comment": "",
                    "name": "video_views",
                    "parameters": {},
                    "type": "int"
                  },
                  {
                    "comment": "",
                    "name": "video_plays",
                    "parameters": {},
                    "type": "int"
                  },
                  {
                    "comment": "",
                    "name": "platform",
                    "parameters": {},
                    "type": "string"
                  },
                  {
                    "comment": "",
                    "name": "username",
                    "parameters": {},
                    "type": "string"
                  },
                  {
                    "comment": "",
                    "name": "post_id",
                    "parameters": {},
                    "type": "string"
                  }
                ],
                "compressed": false,
                "input_format": "org.apache.hadoop.mapred.TextInputFormat",
                "location": "s3://develop-creator-catalyst-analytics/metrics/",
                "number_of_buckets": -1,
                "output_format": "org.apache.hadoop.hive.ql.io.HiveIgnoreKeyTextOutputFormat",
                "parameters": {},
                "schema_reference": [],
                "ser_de_info": [
                  {
                    "name": "org.openx.data.jsonserde.JsonSerDe",
                    "parameters": {},
                    "serialization_library": ""
                  }
                ],
                "skewed_info": [],
                "sort_columns": [],
                "stored_as_sub_directories": false
              }
            ],
            "table_type": "EXTERNAL_TABLE",
            "target_table": [],
            "view_expanded_text": "",
            "view_original_text": ""
          },
          "sensitive_attributes": [],
          "private": "bnVsbA==",
          "dependencies": [
            "aws_glue_catalog_database.creator_catalyst",
            "aws_s3_bucket.creator_catalyst_analytics"
          ]
        }
      ]
    },
    {
      "mode": "managed",
      "type": "aws_glue_catalog_table",
      "name": "posts",
      "provider": "provider[\"registry.terraform.io/hashicorp/aws\"]",
      "instances": [
        {
          "schema_version": 0,
          "attributes": {
            "arn": "arn:aws:glue:us-west-1:396913719177:table/develop-creator-catalyst-athena-database/develop-posts",
            "catalog_id": "396913719177",
            "database_name": "develop-creator-catalyst-athena-database",
            "description": "Table of creator posts",
            "id": "396913719177:develop-creator-catalyst-athena-database:develop-posts",
            "name": "develop-posts",
            "owner": "",
            "parameters": {
              "UPDATED_BY_CRAWLER": "develop-posts-data-crawler",
              "classification": "json"
            },
            "partition_index": [],
            "partition_keys": [
              {
                "comment": "",
                "name": "platform",
                "type": "string"
              },
              {
                "comment": "",
                "name": "username",
                "type": "string"
              },
              {
                "comment": "",
                "name": "post_id",
                "type": "string"
              }
            ],
            "retention": 0,
            "storage_descriptor": [
              {
                "bucket_columns": [],
                "columns": [
                  {
                    "comment": "",
                    "name": "caption",
                    "parameters": {},
                    "type": "string"
                  },
                  {
                    "comment": "",
                    "name": "comments",
                    "parameters": {},
                    "type": "int"
                  },
                  {
                    "comment": "",
                    "name": "creator_user",
                    "parameters": {},
                    "type": "string"
                  },
                  {
                    "comment": "",
                    "name": "date",
                    "parameters": {},
                    "type": "string"
                  },
                  {
                    "comment": "",
                    "name": "likes",
                    "parameters": {},
                    "type": "int"
                  },
                  {
                    "comment": "",
                    "name": "media",
                    "parameters": {},
                    "type": "array\u003cstruct\u003cphoto_url:string,s3_url:string,video_url:string\u003e\u003e"
                  },
                  {
                    "comment": "",
                    "name": "original_url",
                    "parameters": {},
                    "type": "string"
                  },
                  {
                    "comment": "",
                    "name": "platform_id",
                    "parameters": {},
                    "type": "string"
                  },
                  {
                    "comment": "",
                    "name": "video_plays",
                    "parameters": {},
                    "type": "int"
                  },
                  {
                    "comment": "",
                    "name": "video_views",
                    "parameters": {},
                    "type": "int"
                  },
                  {
                    "comment": "",
                    "name": "snapshot",
                    "parameters": {},
                    "type": "string"
                  },
                  {
                    "comment": "",
                    "name": "platform",
                    "parameters": {},
                    "type": "string"
                  },
                  {
                    "comment": "",
                    "name": "username",
                    "parameters": {},
                    "type": "string"
                  },
                  {
                    "comment": "",
                    "name": "post_id",
                    "parameters": {},
                    "type": "string"
                  }
                ],
                "compressed": false,
                "input_format": "org.apache.hadoop.mapred.TextInputFormat",
                "location": "s3://develop-creator-catalyst-analytics/posts/",
                "number_of_buckets": -1,
                "output_format": "org.apache.hadoop.hive.ql.io.HiveIgnoreKeyTextOutputFormat",
                "parameters": {},
                "schema_reference": [],
                "ser_de_info": [
                  {
                    "name": "org.openx.data.jsonserde.JsonSerDe",
                    "parameters": {},
                    "serialization_library": ""
                  }
                ],
                "skewed_info": [],
                "sort_columns": [],
                "stored_as_sub_directories": false
              }
            ],
            "table_type": "EXTERNAL_TABLE",
            "target_table": [],
            "view_expanded_text": "",
            "view_original_text": ""
          },
          "sensitive_attributes": [],
          "private": "bnVsbA==",
          "dependencies": [
            "aws_glue_catalog_database.creator_catalyst",
            "aws_s3_bucket.creator_catalyst_analytics"
          ]
        }
      ]
    },
    {
      "mode": "managed",
      "type": "aws_glue_catalog_table",
      "name": "score_avg_metrics",
      "provider": "provider[\"registry.terraform.io/hashicorp/aws\"]",
      "instances": [
        {
          "schema_version": 0,
          "attributes": {
            "arn": "arn:aws:glue:us-west-1:396913719177:table/develop-creator-catalyst-athena-database/develop-score-avg-metrics",
            "catalog_id": "396913719177",
            "database_name": "develop-creator-catalyst-athena-database",
            "description": "Table of averages of scoring metrics",
            "id": "396913719177:develop-creator-catalyst-athena-database:develop-score-avg-metrics",
            "name": "develop-score-avg-metrics",
            "owner": "",
            "parameters": {
              "UPDATED_BY_CRAWLER": "develop-post-score-avg-metrics-crawler",
              "classification": "parquet"
            },
            "partition_index": [],
            "partition_keys": [
              {
                "comment": "",
                "name": "platform",
                "type": "string"
              },
              {
                "comment": "",
                "name": "username",
                "type": "string"
              }
            ],
            "retention": 0,
            "storage_descriptor": [
              {
                "bucket_columns": [],
                "columns": [
                  {
                    "comment": "",
                    "name": "platform",
                    "parameters": {},
                    "type": "string"
                  },
                  {
                    "comment": "",
                    "name": "username",
                    "parameters": {},
                    "type": "string"
                  },
                  {
                    "comment": "",
                    "name": "violence_score",
                    "parameters": {},
                    "type": "string"
                  },
                  {
                    "comment": "",
                    "name": "violence_firearm_score",
                    "parameters": {},
                    "type": "string"
                  },
                  {
                    "comment": "",
                    "name": "violence_knife_score",
                    "parameters": {},
                    "type": "string"
                  },
                  {
                    "comment": "",
                    "name": "violence_violent_knife_score",
                    "parameters": {},
                    "type": "string"
                  },
                  {
                    "comment": "",
                    "name": "substances_alcohol_score",
                    "parameters": {},
                    "type": "string"
                  },
                  {
                    "comment": "",
                    "name": "substances_drink_score",
                    "parameters": {},
                    "type": "string"
                  },
                  {
                    "comment": "",
                    "name": "substances_smoking_and_tobacco_score",
                    "parameters": {},
                    "type": "string"
                  },
                  {
                    "comment": "",
                    "name": "substances_marijuana_score",
                    "parameters": {},
                    "type": "string"
                  },
                  {
                    "comment": "",
                    "name": "substances_pills_score",
                    "parameters": {},
                    "type": "string"
                  },
                  {
                    "comment": "",
                    "name": "substances_recreational_pills_score",
                    "parameters": {},
                    "type": "string"
                  },
                  {
                    "comment": "",
                    "name": "nsfw_adult_content_score",
                    "parameters": {},
                    "type": "string"
                  },
                  {
                    "comment": "",
                    "name": "nsfw_suggestive_score",
                    "parameters": {},
                    "type": "string"
                  },
                  {
                    "comment": "",
                    "name": "nsfw_adult_toys_score",
                    "parameters": {},
                    "type": "string"
                  },
                  {
                    "comment": "",
                    "name": "nsfw_medical_score",
                    "parameters": {},
                    "type": "string"
                  },
                  {
                    "comment": "",
                    "name": "nsfw_over_18_score",
                    "parameters": {},
                    "type": "string"
                  },
                  {
                    "comment": "",
                    "name": "nsfw_exposed_anus_score",
                    "parameters": {},
                    "type": "string"
                  },
                  {
                    "comment": "",
                    "name": "nsfw_exposed_armpits_score",
                    "parameters": {},
                    "type": "string"
                  },
                  {
                    "comment": "",
                    "name": "nsfw_exposed_belly_score",
                    "parameters": {},
                    "type": "string"
                  },
                  {
                    "comment": "",
                    "name": "nsfw_covered_belly_score",
                    "parameters": {},
                    "type": "string"
                  },
                  {
                    "comment": "",
                    "name": "nsfw_covered_buttocks_score",
                    "parameters": {},
                    "type": "string"
                  },
                  {
                    "comment": "",
                    "name": "nsfw_exposed_buttocks_score",
                    "parameters": {},
                    "type": "string"
                  },
                  {
                    "comment": "",
                    "name": "nsfw_covered_feet_score",
                    "parameters": {},
                    "type": "string"
                  },
                  {
                    "comment": "",
                    "name": "nsfw_exposed_feet_score",
                    "parameters": {},
                    "type": "string"
                  },
                  {
                    "comment": "",
                    "name": "nsfw_covered_breast_f_score",
                    "parameters": {},
                    "type": "string"
                  },
                  {
                    "comment": "",
                    "name": "nsfw_exposed_breast_f_score",
                    "parameters": {},
                    "type": "string"
                  },
                  {
                    "comment": "",
                    "name": "nsfw_covered_genitalia_f_score",
                    "parameters": {},
                    "type": "string"
                  },
                  {
                    "comment": "",
                    "name": "nsfw_exposed_genitalia_f_score",
                    "parameters": {},
                    "type": "string"
                  },
                  {
                    "comment": "",
                    "name": "nsfw_exposed_breast_m_score",
                    "parameters": {},
                    "type": "string"
                  },
                  {
                    "comment": "",
                    "name": "nsfw_exposed_genitalia_m_score",
                    "parameters": {},
                    "type": "string"
                  },
                  {
                    "comment": "",
                    "name": "hate_symbols_confederate_flag_score",
                    "parameters": {},
                    "type": "string"
                  },
                  {
                    "comment": "",
                    "name": "hate_symbols_pepe_frog_score",
                    "parameters": {},
                    "type": "string"
                  },
                  {
                    "comment": "",
                    "name": "hate_symbols_nazi_swastika_score",
                    "parameters": {},
                    "type": "string"
                  },
                  {
                    "comment": "",
                    "name": "ocr_language_toxicity_toxicity_score",
                    "parameters": {},
                    "type": "string"
                  },
                  {
                    "comment": "",
                    "name": "ocr_language_toxicity_severe_toxicity_score",
                    "parameters": {},
                    "type": "string"
                  },
                  {
                    "comment": "",
                    "name": "ocr_language_toxicity_obscene_score",
                    "parameters": {},
                    "type": "string"
                  },
                  {
                    "comment": "",
                    "name": "ocr_language_toxicity_insult_score",
                    "parameters": {},
                    "type": "string"
                  },
                  {
                    "comment": "",
                    "name": "ocr_language_toxicity_identity_attack_score",
                    "parameters": {},
                    "type": "string"
                  },
                  {
                    "comment": "",
                    "name": "ocr_language_toxicity_threat_score",
                    "parameters": {},
                    "type": "string"
                  },
                  {
                    "comment": "",
                    "name": "ocr_language_toxicity_sexual_explicit_score",
                    "parameters": {},
                    "type": "string"
                  },
                  {
                    "comment": "",
                    "name": "visual_content_artistic_score",
                    "parameters": {},
                    "type": "string"
                  },
                  {
                    "comment": "",
                    "name": "visual_content_comic_score",
                    "parameters": {},
                    "type": "string"
                  },
                  {
                    "comment": "",
                    "name": "visual_content_meme_score",
                    "parameters": {},
                    "type": "string"
                  },
                  {
                    "comment": "",
                    "name": "visual_content_screenshot_score",
                    "parameters": {},
                    "type": "string"
                  },
                  {
                    "comment": "",
                    "name": "visual_content_map_score",
                    "parameters": {},
                    "type": "string"
                  },
                  {
                    "comment": "",
                    "name": "visual_content_poster_cover_score",
                    "parameters": {},
                    "type": "string"
                  },
                  {
                    "comment": "",
                    "name": "visual_content_game_screenshot_score",
                    "parameters": {},
                    "type": "string"
                  },
                  {
                    "comment": "",
                    "name": "visual_content_face_filter_score",
                    "parameters": {},
                    "type": "string"
                  },
                  {
                    "comment": "",
                    "name": "visual_content_promo_info_graphic_score",
                    "parameters": {},
                    "type": "string"
                  },
                  {
                    "comment": "",
                    "name": "visual_content_photo_score",
                    "parameters": {},
                    "type": "string"
                  },
                  {
                    "comment": "",
                    "name": "other_child_score",
                    "parameters": {},
                    "type": "string"
                  },
                  {
                    "comment": "",
                    "name": "other_middle_finger_gesture_score",
                    "parameters": {},
                    "type": "string"
                  },
                  {
                    "comment": "",
                    "name": "other_toy_score",
                    "parameters": {},
                    "type": "string"
                  },
                  {
                    "comment": "",
                    "name": "other_gambling_machine_score",
                    "parameters": {},
                    "type": "string"
                  },
                  {
                    "comment": "",
                    "name": "other_face_f_score",
                    "parameters": {},
                    "type": "string"
                  },
                  {
                    "comment": "",
                    "name": "other_face_m_score",
                    "parameters": {},
                    "type": "string"
                  }
                ],
                "compressed": false,
                "input_format": "org.apache.hadoop.hive.ql.io.parquet.MapredParquetInputFormat",
                "location": "s3://athena-results-creator-catalyst/score_metrics/score_avg_metrics/",
                "number_of_buckets": -1,
                "output_format": "org.apache.hadoop.hive.ql.io.parquet.MapredParquetOutputFormat",
                "parameters": {},
                "schema_reference": [],
                "ser_de_info": [
                  {
                    "name": "org.apache.hadoop.hive.ql.io.parquet.serde.ParquetHiveSerDe",
                    "parameters": {},
                    "serialization_library": ""
                  }
                ],
                "skewed_info": [],
                "sort_columns": [],
                "stored_as_sub_directories": false
              }
            ],
            "table_type": "EXTERNAL_TABLE",
            "target_table": [],
            "view_expanded_text": "",
            "view_original_text": ""
          },
          "sensitive_attributes": [],
          "private": "bnVsbA==",
          "dependencies": [
            "aws_glue_catalog_database.creator_catalyst"
          ]
        }
      ]
    },
    {
      "mode": "managed",
      "type": "aws_glue_catalog_table",
      "name": "score_metrics",
      "provider": "provider[\"registry.terraform.io/hashicorp/aws\"]",
      "instances": [
        {
          "schema_version": 0,
          "attributes": {
            "arn": "arn:aws:glue:us-west-1:396913719177:table/develop-creator-catalyst-athena-database/develop-score-metrics",
            "catalog_id": "396913719177",
            "database_name": "develop-creator-catalyst-athena-database",
            "description": "Scoring Metrics Table",
            "id": "396913719177:develop-creator-catalyst-athena-database:develop-score-metrics",
            "name": "develop-score-metrics",
            "owner": "",
            "parameters": {
              "UPDATED_BY_CRAWLER": "develop-post-score-metrics-crawler",
              "classification": "parquet"
            },
            "partition_index": [],
            "partition_keys": [
              {
                "comment": "",
                "name": "platform",
                "type": "string"
              },
              {
                "comment": "",
                "name": "username",
                "type": "string"
              }
            ],
            "retention": 0,
            "storage_descriptor": [
              {
                "bucket_columns": [],
                "columns": [
                  {
                    "comment": "",
                    "name": "f1_nsfw_covered_buttocks_risk",
                    "parameters": {},
                    "type": "string"
                  },
                  {
                    "comment": "",
                    "name": "f1_nsfw_exposed_buttocks_risk",
                    "parameters": {},
                    "type": "string"
                  },
                  {
                    "comment": "",
                    "name": "f1_nsfw_covered_feet_risk",
                    "parameters": {},
                    "type": "string"
                  },
                  {
                    "comment": "",
                    "name": "f1_nsfw_exposed_feet_risk",
                    "parameters": {},
                    "type": "string"
                  },
                  {
                    "comment": "",
                    "name": "f1_hate_symbols_confederate_flag_risk",
                    "parameters": {},
                    "type": "string"
                  },
                  {
                    "comment": "",
                    "name": "f1_hate_symbols_pepe_frog_risk",
                    "parameters": {},
                    "type": "string"
                  },
                  {
                    "comment": "",
                    "name": "f1_hate_symbols_nazi_swastika_risk",
                    "parameters": {},
                    "type": "string"
                  },
                  {
                    "comment": "",
                    "name": "f1_other_child_risk",
                    "parameters": {},
                    "type": "string"
                  },
                  {
                    "comment": "",
                    "name": "f1_other_toy_risk",
                    "parameters": {},
                    "type": "string"
                  },
                  {
                    "comment": "",
                    "name": "f1_other_face_f_risk",
                    "parameters": {},
                    "type": "string"
                  },
                  {
                    "comment": "",
                    "name": "f1_other_face_m_risk",
                    "parameters": {},
                    "type": "string"
                  },
                  {
                    "comment": "",
                    "name": "f1_other_glass_risk",
                    "parameters": {},
                    "type": "string"
                  },
                  {
                    "comment": "",
                    "name": "f1_other_pillow_risk",
                    "parameters": {},
                    "type": "string"
                  },
                  {
                    "comment": "",
                    "name": "f1_other_bottle_risk",
                    "parameters": {},
                    "type": "string"
                  },
                  {
                    "comment": "",
                    "name": "f1_other_plate_risk",
                    "parameters": {},
                    "type": "string"
                  },
                  {
                    "comment": "",
                    "name": "f1_other_pet_risk",
                    "parameters": {},
                    "type": "string"
                  },
                  {
                    "comment": "",
                    "name": "f1_other_person_risk",
                    "parameters": {},
                    "type": "string"
                  },
                  {
                    "comment": "",
                    "name": "f1_other_logo_risk",
                    "parameters": {},
                    "type": "string"
                  },
                  {
                    "comment": "",
                    "name": "f1_nsfw_generic_risk",
                    "parameters": {},
                    "type": "string"
                  }
                ],
                "compressed": false,
                "input_format": "org.apache.hadoop.hive.ql.io.parquet.MapredParquetInputFormat",
                "location": "s3://athena-results-creator-catalyst/score_metrics/score_metrics/",
                "number_of_buckets": -1,
                "output_format": "org.apache.hadoop.hive.ql.io.parquet.MapredParquetOutputFormat",
                "parameters": {},
                "schema_reference": [],
                "ser_de_info": [
                  {
                    "name": "org.apache.hadoop.hive.ql.io.parquet.serde.ParquetHiveSerDe",
                    "parameters": {},
                    "serialization_library": ""
                  }
                ],
                "skewed_info": [],
                "sort_columns": [],
                "stored_as_sub_directories": false
              }
            ],
            "table_type": "EXTERNAL_TABLE",
            "target_table": [],
            "view_expanded_text": "",
            "view_original_text": ""
          },
          "sensitive_attributes": [],
          "private": "bnVsbA==",
          "dependencies": [
            "aws_glue_catalog_database.creator_catalyst"
          ]
        }
      ]
    },
    {
      "mode": "managed",
      "type": "aws_glue_catalog_table",
      "name": "tags",
      "provider": "provider[\"registry.terraform.io/hashicorp/aws\"]",
      "instances": [
        {
          "schema_version": 0,
          "attributes": {
            "arn": "arn:aws:glue:us-west-1:396913719177:table/develop-creator-catalyst-athena-database/develop-tags",
            "catalog_id": "396913719177",
            "database_name": "develop-creator-catalyst-athena-database",
            "description": "Tag table for content analysis",
            "id": "396913719177:develop-creator-catalyst-athena-database:develop-tags",
            "name": "develop-tags",
            "owner": "",
            "parameters": {
              "UPDATED_BY_CRAWLER": "develop-tags-metrics-crawler",
              "classification": "json"
            },
            "partition_index": [],
            "partition_keys": [
              {
                "comment": "",
                "name": "platform",
                "type": "string"
              },
              {
                "comment": "",
                "name": "username",
                "type": "string"
              },
              {
                "comment": "",
                "name": "post_id",
                "type": "string"
              },
              {
                "comment": "",
                "name": "vendor",
                "type": "string"
              },
              {
                "comment": "",
                "name": "media_id",
                "type": "string"
              }
            ],
            "retention": 0,
            "storage_descriptor": [
              {
                "bucket_columns": [],
                "columns": [
                  {
                    "comment": "",
                    "name": "violence",
                    "parameters": {},
                    "type": "struct\u003cviolence:double,firearm:double,knife:double,violent_knife:double\u003e"
                  },
                  {
                    "comment": "",
                    "name": "substances",
                    "parameters": {},
                    "type": "struct\u003calcohol:double,drink:double,smoking_and_tobacco:double,marijuana:double,pills:double,recreational_pills:double\u003e"
                  },
                  {
                    "comment": "",
                    "name": "nsfw",
                    "parameters": {},
                    "type": "struct\u003cadult_content:double,suggestive:double,adult_toys:double,medical:double,over_18:double,exposed_anus:double,exposed_armpits:double,exposed_belly:double,covered_belly:double,covered_buttocks:double,exposed_buttocks:double,covered_feet:double,exposed_feet:double,covered_breast_f:double,exposed_breast_f:double,covered_genitalia_f:double,exposed_genitalia_f:double,exposed_breast_m:double,exposed_genitalia_m:double\u003e"
                  },
                  {
                    "comment": "",
                    "name": "hate_symbols",
                    "parameters": {},
                    "type": "struct\u003cconfederate_flag:double,pepe_frog:double,nazi_swastika:double\u003e"
                  },
                  {
                    "comment": "",
                    "name": "ocr_language_toxicity",
                    "parameters": {},
                    "type": "struct\u003ctoxicity:double,severe_toxicity:double,obscene:double,insult:double,identity_attack:double,threat:double,sexual_explicit:double\u003e"
                  },
                  {
                    "comment": "",
                    "name": "visual_content",
                    "parameters": {},
                    "type": "struct\u003cartistic:double,comic:double,meme:double,screenshot:double,map:double,poster_cover:double,game_screenshot:double,face_filter:double,promo_info_graphic:double,photo:double\u003e"
                  },
                  {
                    "comment": "",
                    "name": "other",
                    "parameters": {},
                    "type": "struct\u003cchild:double,middle_finger_gesture:double,toy:double,gambling_machine:double,face_f:double,face_m:double\u003e"
                  },
                  {
                    "comment": "",
                    "name": "url",
                    "parameters": {},
                    "type": "string"
                  },
                  {
                    "comment": "",
                    "name": "audio_language_toxicity",
                    "parameters": {},
                    "type": "struct\u003ctoxicity:double,severe_toxicity:double,obscene:double,insult:double,identity_attack:double,threat:double,sexual_explicit:double\u003e"
                  },
                  {
                    "comment": "",
                    "name": "metadata",
                    "parameters": {},
                    "type": "struct\u003cwidth:int,height:int,fps:double,duration:double,seconds_processed:double\u003e"
                  },
                  {
                    "comment": "",
                    "name": "platform",
                    "parameters": {},
                    "type": "string"
                  },
                  {
                    "comment": "",
                    "name": "username",
                    "parameters": {},
                    "type": "string"
                  },
                  {
                    "comment": "",
                    "name": "post_id",
                    "parameters": {},
                    "type": "string"
                  },
                  {
                    "comment": "",
                    "name": "vendor",
                    "parameters": {},
                    "type": "string"
                  },
                  {
                    "comment": "",
                    "name": "media_id",
                    "parameters": {},
                    "type": "string"
                  }
                ],
                "compressed": false,
                "input_format": "org.apache.hadoop.mapred.TextInputFormat",
                "location": "s3://develop-creator-catalyst-analytics/tags/",
                "number_of_buckets": -1,
                "output_format": "org.apache.hadoop.hive.ql.io.HiveIgnoreKeyTextOutputFormat",
                "parameters": {},
                "schema_reference": [],
                "ser_de_info": [
                  {
                    "name": "org.openx.data.jsonserde.JsonSerDe",
                    "parameters": {},
                    "serialization_library": ""
                  }
                ],
                "skewed_info": [],
                "sort_columns": [],
                "stored_as_sub_directories": false
              }
            ],
            "table_type": "EXTERNAL_TABLE",
            "target_table": [],
            "view_expanded_text": "",
            "view_original_text": ""
          },
          "sensitive_attributes": [],
          "private": "bnVsbA==",
          "dependencies": [
            "aws_glue_catalog_database.creator_catalyst",
            "aws_s3_bucket.creator_catalyst_analytics"
          ]
        }
      ]
    },
    {
      "mode": "managed",
      "type": "aws_glue_catalog_table",
      "name": "user_metrics",
      "provider": "provider[\"registry.terraform.io/hashicorp/aws\"]",
      "instances": [
        {
          "schema_version": 0,
          "attributes": {
            "arn": "arn:aws:glue:us-west-1:396913719177:table/develop-creator-catalyst-athena-database/develop-user-metrics",
            "catalog_id": "396913719177",
            "database_name": "develop-creator-catalyst-athena-database",
            "description": "User Metrics Table for Analysis",
            "id": "396913719177:develop-creator-catalyst-athena-database:develop-user-metrics",
            "name": "develop-user-metrics",
            "owner": "",
            "parameters": {
              "UpdatedByJob": "Test",
              "classification": "json"
            },
            "partition_index": [],
            "partition_keys": [
              {
                "comment": "",
                "name": "platform",
                "type": "string"
              },
              {
                "comment": "",
                "name": "username",
                "type": "string"
              }
            ],
            "retention": 0,
            "storage_descriptor": [
              {
                "bucket_columns": [],
                "columns": [
                  {
                    "comment": "",
                    "name": "comments",
                    "parameters": {},
                    "type": "int"
                  },
                  {
                    "comment": "",
                    "name": "likes",
                    "parameters": {},
                    "type": "int"
                  },
                  {
                    "comment": "",
                    "name": "video_views",
                    "parameters": {},
                    "type": "int"
                  },
                  {
                    "comment": "",
                    "name": "video_plays",
                    "parameters": {},
                    "type": "int"
                  },
                  {
                    "comment": "",
                    "name": "platform",
                    "parameters": {},
                    "type": "string"
                  },
                  {
                    "comment": "",
                    "name": "username",
                    "parameters": {},
                    "type": "string"
                  }
                ],
                "compressed": false,
                "input_format": "org.apache.hadoop.mapred.TextInputFormat",
                "location": "s3://develop-creator-catalyst-analytics/users/",
                "number_of_buckets": -1,
                "output_format": "org.apache.hadoop.hive.ql.io.HiveIgnoreKeyTextOutputFormat",
                "parameters": {},
                "schema_reference": [],
                "ser_de_info": [
                  {
                    "name": "org.openx.data.jsonserde.JsonSerDe",
                    "parameters": {},
                    "serialization_library": ""
                  }
                ],
                "skewed_info": [],
                "sort_columns": [],
                "stored_as_sub_directories": false
              }
            ],
            "table_type": "EXTERNAL_TABLE",
            "target_table": [],
            "view_expanded_text": "",
            "view_original_text": ""
          },
          "sensitive_attributes": [],
          "private": "bnVsbA==",
          "dependencies": [
            "aws_glue_catalog_database.creator_catalyst",
            "aws_s3_bucket.creator_catalyst_analytics"
          ]
        }
      ]
    },
    {
      "mode": "managed",
      "type": "aws_glue_crawler",
      "name": "post_score_avg_metrics",
      "provider": "provider[\"registry.terraform.io/hashicorp/aws\"]",
      "instances": [
        {
          "schema_version": 0,
          "attributes": {
            "arn": "arn:aws:glue:us-west-1:396913719177:crawler/develop-post-score-avg-metrics-crawler",
            "catalog_target": [],
            "classifiers": [],
            "configuration": "",
            "database_name": "develop-creator-catalyst-athena-database",
            "delta_target": [],
            "description": "",
            "dynamodb_target": [],
            "id": "develop-post-score-avg-metrics-crawler",
            "jdbc_target": [],
            "lake_formation_configuration": [
              {
                "account_id": "",
                "use_lake_formation_credentials": false
              }
            ],
            "lineage_configuration": [
              {
                "crawler_lineage_settings": "DISABLE"
              }
            ],
            "mongodb_target": [],
            "name": "develop-post-score-avg-metrics-crawler",
            "recrawl_policy": [
              {
                "recrawl_behavior": "CRAWL_EVERYTHING"
              }
            ],
            "role": "AWSGlueServiceRole",
            "s3_target": [
              {
                "connection_name": "",
                "dlq_event_queue_arn": "",
                "event_queue_arn": "",
                "exclusions": [],
                "path": "s3://develop-creator-catalyst-analytics/score_metrics/score_avg_metrics/",
                "sample_size": 0
              }
            ],
            "schedule": "",
            "schema_change_policy": [
              {
                "delete_behavior": "DEPRECATE_IN_DATABASE",
                "update_behavior": "UPDATE_IN_DATABASE"
              }
            ],
            "security_configuration": "",
            "table_prefix": "",
            "tags": {
              "environment": "develop"
            },
            "tags_all": {
              "environment": "develop"
            }
          },
          "sensitive_attributes": [],
          "private": "bnVsbA==",
          "dependencies": [
            "aws_glue_catalog_database.creator_catalyst",
            "aws_s3_bucket.creator_catalyst_analytics"
          ]
        }
      ]
    },
    {
      "mode": "managed",
      "type": "aws_glue_crawler",
      "name": "post_score_metrics",
      "provider": "provider[\"registry.terraform.io/hashicorp/aws\"]",
      "instances": [
        {
          "schema_version": 0,
          "attributes": {
            "arn": "arn:aws:glue:us-west-1:396913719177:crawler/develop-post-score-metrics-crawler",
            "catalog_target": [],
            "classifiers": [],
            "configuration": "",
            "database_name": "develop-creator-catalyst-athena-database",
            "delta_target": [],
            "description": "",
            "dynamodb_target": [],
            "id": "develop-post-score-metrics-crawler",
            "jdbc_target": [],
            "lake_formation_configuration": [
              {
                "account_id": "",
                "use_lake_formation_credentials": false
              }
            ],
            "lineage_configuration": [
              {
                "crawler_lineage_settings": "DISABLE"
              }
            ],
            "mongodb_target": [],
            "name": "develop-post-score-metrics-crawler",
            "recrawl_policy": [
              {
                "recrawl_behavior": "CRAWL_EVERYTHING"
              }
            ],
            "role": "AWSGlueServiceRole",
            "s3_target": [
              {
                "connection_name": "",
                "dlq_event_queue_arn": "",
                "event_queue_arn": "",
                "exclusions": [],
                "path": "s3://develop-creator-catalyst-analytics/score_metrics/score_metrics/",
                "sample_size": 0
              }
            ],
            "schedule": "",
            "schema_change_policy": [
              {
                "delete_behavior": "DEPRECATE_IN_DATABASE",
                "update_behavior": "UPDATE_IN_DATABASE"
              }
            ],
            "security_configuration": "",
            "table_prefix": "",
            "tags": {
              "environment": "develop"
            },
            "tags_all": {
              "environment": "develop"
            }
          },
          "sensitive_attributes": [],
          "private": "bnVsbA==",
          "dependencies": [
            "aws_glue_catalog_database.creator_catalyst",
            "aws_s3_bucket.creator_catalyst_analytics"
          ]
        }
      ]
    },
    {
      "mode": "managed",
      "type": "aws_glue_crawler",
      "name": "posts_data",
      "provider": "provider[\"registry.terraform.io/hashicorp/aws\"]",
      "instances": [
        {
          "schema_version": 0,
          "attributes": {
            "arn": "arn:aws:glue:us-west-1:396913719177:crawler/develop-posts-data-crawler",
            "catalog_target": [],
            "classifiers": [],
            "configuration": "",
            "database_name": "develop-creator-catalyst-athena-database",
            "delta_target": [],
            "description": "",
            "dynamodb_target": [],
            "id": "develop-posts-data-crawler",
            "jdbc_target": [],
            "lake_formation_configuration": [
              {
                "account_id": "",
                "use_lake_formation_credentials": false
              }
            ],
            "lineage_configuration": [
              {
                "crawler_lineage_settings": "DISABLE"
              }
            ],
            "mongodb_target": [],
            "name": "develop-posts-data-crawler",
            "recrawl_policy": [
              {
                "recrawl_behavior": "CRAWL_EVERYTHING"
              }
            ],
            "role": "AWSGlueServiceRole",
            "s3_target": [
              {
                "connection_name": "",
                "dlq_event_queue_arn": "",
                "event_queue_arn": "",
                "exclusions": [],
                "path": "s3://develop-creator-catalyst-analytics/posts/",
                "sample_size": 0
              }
            ],
            "schedule": "",
            "schema_change_policy": [
              {
                "delete_behavior": "DEPRECATE_IN_DATABASE",
                "update_behavior": "UPDATE_IN_DATABASE"
              }
            ],
            "security_configuration": "",
            "table_prefix": "",
            "tags": {
              "environment": "develop"
            },
            "tags_all": {
              "environment": "develop"
            }
          },
          "sensitive_attributes": [],
          "private": "bnVsbA==",
          "dependencies": [
            "aws_glue_catalog_database.creator_catalyst",
            "aws_s3_bucket.creator_catalyst_analytics"
          ]
        }
      ]
    },
    {
      "mode": "managed",
      "type": "aws_glue_crawler",
      "name": "posts_metrics",
      "provider": "provider[\"registry.terraform.io/hashicorp/aws\"]",
      "instances": [
        {
          "schema_version": 0,
          "attributes": {
            "arn": "arn:aws:glue:us-west-1:396913719177:crawler/develop-posts-metrics-crawler",
            "catalog_target": [],
            "classifiers": [],
            "configuration": "",
            "database_name": "develop-creator-catalyst-athena-database",
            "delta_target": [],
            "description": "",
            "dynamodb_target": [],
            "id": "develop-posts-metrics-crawler",
            "jdbc_target": [],
            "lake_formation_configuration": [
              {
                "account_id": "",
                "use_lake_formation_credentials": false
              }
            ],
            "lineage_configuration": [
              {
                "crawler_lineage_settings": "DISABLE"
              }
            ],
            "mongodb_target": [],
            "name": "develop-posts-metrics-crawler",
            "recrawl_policy": [
              {
                "recrawl_behavior": "CRAWL_EVERYTHING"
              }
            ],
            "role": "AWSGlueServiceRole",
            "s3_target": [
              {
                "connection_name": "",
                "dlq_event_queue_arn": "",
                "event_queue_arn": "",
                "exclusions": [],
                "path": "s3://develop-creator-catalyst-analytics/metrics/",
                "sample_size": 0
              }
            ],
            "schedule": "",
            "schema_change_policy": [
              {
                "delete_behavior": "DEPRECATE_IN_DATABASE",
                "update_behavior": "UPDATE_IN_DATABASE"
              }
            ],
            "security_configuration": "",
            "table_prefix": "",
            "tags": {
              "environment": "develop"
            },
            "tags_all": {
              "environment": "develop"
            }
          },
          "sensitive_attributes": [],
          "private": "bnVsbA==",
          "dependencies": [
            "aws_glue_catalog_database.creator_catalyst",
            "aws_s3_bucket.creator_catalyst_analytics"
          ]
        }
      ]
    },
    {
      "mode": "managed",
      "type": "aws_glue_crawler",
      "name": "tags_metrics",
      "provider": "provider[\"registry.terraform.io/hashicorp/aws\"]",
      "instances": [
        {
          "schema_version": 0,
          "attributes": {
            "arn": "arn:aws:glue:us-west-1:396913719177:crawler/develop-tags-metrics-crawler",
            "catalog_target": [],
            "classifiers": [],
            "configuration": "",
            "database_name": "develop-creator-catalyst-athena-database",
            "delta_target": [],
            "description": "",
            "dynamodb_target": [],
            "id": "develop-tags-metrics-crawler",
            "jdbc_target": [],
            "lake_formation_configuration": [
              {
                "account_id": "",
                "use_lake_formation_credentials": false
              }
            ],
            "lineage_configuration": [
              {
                "crawler_lineage_settings": "DISABLE"
              }
            ],
            "mongodb_target": [],
            "name": "develop-tags-metrics-crawler",
            "recrawl_policy": [
              {
                "recrawl_behavior": "CRAWL_EVERYTHING"
              }
            ],
            "role": "AWSGlueServiceRole",
            "s3_target": [
              {
                "connection_name": "",
                "dlq_event_queue_arn": "",
                "event_queue_arn": "",
                "exclusions": [],
                "path": "s3://develop-creator-catalyst-analytics/tags/",
                "sample_size": 0
              }
            ],
            "schedule": "",
            "schema_change_policy": [
              {
                "delete_behavior": "DEPRECATE_IN_DATABASE",
                "update_behavior": "UPDATE_IN_DATABASE"
              }
            ],
            "security_configuration": "",
            "table_prefix": "",
            "tags": {
              "environment": "develop"
            },
            "tags_all": {
              "environment": "develop"
            }
          },
          "sensitive_attributes": [],
          "private": "bnVsbA==",
          "dependencies": [
            "aws_glue_catalog_database.creator_catalyst",
            "aws_s3_bucket.creator_catalyst_analytics"
          ]
        }
      ]
    },
    {
      "mode": "managed",
      "type": "aws_glue_job",
      "name": "creator_catalyst_convert_file",
      "provider": "provider[\"registry.terraform.io/hashicorp/aws\"]",
      "instances": [
        {
          "schema_version": 0,
          "attributes": {
            "arn": "arn:aws:glue:us-west-1:396913719177:job/develop-creator-catalyst-convert-file",
            "command": [
              {
                "name": "glueetl",
                "python_version": "3",
                "script_location": "s3://develop-creator-catalyst-analytics/scripts/convert_file.py"
              }
            ],
            "connections": [],
            "default_arguments": {
              "--TempDir": "s3://develop-creator-catalyst-analytics/temp/",
              "--enable-metrics": "",
              "--environment": "develop",
              "--job-bookmark-option": "job-bookmark-enable"
            },
            "description": "",
            "execution_class": "",
            "execution_property": [
              {
                "max_concurrent_runs": 1
              }
            ],
            "glue_version": "3.0",
            "id": "develop-creator-catalyst-convert-file",
            "max_capacity": 2,
            "max_retries": 1,
            "name": "develop-creator-catalyst-convert-file",
            "non_overridable_arguments": {},
            "notification_property": [],
            "number_of_workers": 2,
            "role_arn": "arn:aws:iam::396913719177:role/AWSGlueServiceRole",
            "security_configuration": "",
            "tags": {},
            "tags_all": {},
            "timeout": 60,
            "worker_type": "G.1X"
          },
          "sensitive_attributes": [],
          "private": "bnVsbA==",
          "dependencies": [
            "aws_s3_bucket.creator_catalyst_analytics",
            "data.aws_iam_role.glue_role"
          ]
        }
      ]
    },
    {
      "mode": "managed",
      "type": "aws_iam_policy_attachment",
      "name": "apigateway_logging_attachment",
      "provider": "provider[\"registry.terraform.io/hashicorp/aws\"]",
      "instances": [
        {
          "schema_version": 0,
          "attributes": {
            "groups": [],
            "id": "APIGatewayLoggingAttachment",
            "name": "APIGatewayLoggingAttachment",
            "policy_arn": "arn:aws:iam::aws:policy/service-role/AmazonAPIGatewayPushToCloudWatchLogs",
            "roles": [
              "APIGatewayCloudWatchLogsRole"
            ],
            "users": []
          },
          "sensitive_attributes": [],
          "private": "bnVsbA==",
          "dependencies": [
            "aws_iam_role.apigateway_logging_role"
          ]
        }
      ]
    },
    {
      "mode": "managed",
      "type": "aws_iam_role",
      "name": "apigateway_logging_role",
      "provider": "provider[\"registry.terraform.io/hashicorp/aws\"]",
      "instances": [
        {
          "schema_version": 0,
          "attributes": {
            "arn": "arn:aws:iam::396913719177:role/APIGatewayCloudWatchLogsRole",
            "assume_role_policy": "{\"Statement\":[{\"Action\":\"sts:AssumeRole\",\"Effect\":\"Allow\",\"Principal\":{\"Service\":\"apigateway.amazonaws.com\"}}],\"Version\":\"2012-10-17\"}",
            "create_date": "2025-02-13T16:38:25Z",
            "description": "",
            "force_detach_policies": false,
            "id": "APIGatewayCloudWatchLogsRole",
            "inline_policy": [],
            "managed_policy_arns": [
              "arn:aws:iam::aws:policy/service-role/AmazonAPIGatewayPushToCloudWatchLogs"
            ],
            "max_session_duration": 3600,
            "name": "APIGatewayCloudWatchLogsRole",
            "name_prefix": "",
            "path": "/",
            "permissions_boundary": null,
            "role_last_used": [
              {
                "last_used_date": "2025-02-13T16:43:08Z",
                "region": "us-west-1"
              }
            ],
            "tags": {},
            "tags_all": {},
            "unique_id": "AROAVY2PGW6EQUL4NBYL2"
          },
          "sensitive_attributes": [],
          "private": "bnVsbA=="
        }
      ]
    },
    {
      "mode": "managed",
      "type": "aws_lambda_event_source_mapping",
      "name": "media_analysis_sqs_trigger",
      "provider": "provider[\"registry.terraform.io/hashicorp/aws\"]",
      "instances": [
        {
          "schema_version": 0,
          "attributes": {
            "amazon_managed_kafka_event_source_config": [],
            "batch_size": 1,
            "bisect_batch_on_function_error": false,
            "destination_config": [],
            "document_db_event_source_config": [],
            "enabled": true,
            "event_source_arn": "arn:aws:sqs:us-west-1:396913719177:develop-media-processing",
            "filter_criteria": [],
            "function_arn": "arn:aws:lambda:us-west-1:396913719177:function:develop-media-analysis",
            "function_name": "arn:aws:lambda:us-west-1:396913719177:function:develop-media-analysis",
            "function_response_types": [],
            "id": "d614c372-0844-4f83-830a-5b82f69078c2",
            "last_modified": "2025-01-07T18:04:02Z",
            "last_processing_result": "",
            "maximum_batching_window_in_seconds": 0,
            "maximum_record_age_in_seconds": 0,
            "maximum_retry_attempts": 0,
            "parallelization_factor": 0,
            "queues": [],
            "scaling_config": [],
            "self_managed_event_source": [],
            "self_managed_kafka_event_source_config": [],
            "source_access_configuration": [],
            "starting_position": "",
            "starting_position_timestamp": "",
            "state": "Enabled",
            "state_transition_reason": "USER_INITIATED",
            "topics": [],
            "tumbling_window_in_seconds": 0,
            "uuid": "d614c372-0844-4f83-830a-5b82f69078c2"
          },
          "sensitive_attributes": [],
          "private": "bnVsbA==",
          "dependencies": [
            "aws_lambda_function.media_analysis",
            "aws_sqs_queue.media_processing",
            "data.aws_iam_role.lambda_role"
          ]
        }
      ]
    },
    {
      "mode": "managed",
      "type": "aws_lambda_event_source_mapping",
      "name": "report_batches_sqs_trigger",
      "provider": "provider[\"registry.terraform.io/hashicorp/aws\"]",
      "instances": [
        {
          "schema_version": 0,
          "attributes": {
            "amazon_managed_kafka_event_source_config": [],
            "batch_size": 1,
            "bisect_batch_on_function_error": false,
            "destination_config": [],
            "document_db_event_source_config": [],
            "enabled": true,
            "event_source_arn": "arn:aws:sqs:us-west-1:396913719177:develop-report-batches",
            "filter_criteria": [],
            "function_arn": "arn:aws:lambda:us-west-1:396913719177:function:develop-process-report-batch",
            "function_name": "arn:aws:lambda:us-west-1:396913719177:function:develop-process-report-batch",
            "function_response_types": [],
            "id": "818aa4c2-0b37-4519-8490-17301ab92a8d",
            "last_modified": "2025-01-07T18:04:25Z",
            "last_processing_result": "",
            "maximum_batching_window_in_seconds": 0,
            "maximum_record_age_in_seconds": 0,
            "maximum_retry_attempts": 0,
            "parallelization_factor": 0,
            "queues": [],
            "scaling_config": [],
            "self_managed_event_source": [],
            "self_managed_kafka_event_source_config": [],
            "source_access_configuration": [],
            "starting_position": "",
            "starting_position_timestamp": "",
            "state": "Enabled",
            "state_transition_reason": "USER_INITIATED",
            "topics": [],
            "tumbling_window_in_seconds": 0,
            "uuid": "818aa4c2-0b37-4519-8490-17301ab92a8d"
          },
          "sensitive_attributes": [],
          "private": "bnVsbA==",
          "dependencies": [
            "aws_lambda_function.process_report_batch",
            "aws_lambda_layer_version.requests_layer",
            "aws_s3_bucket.creator_catalyst_analytics",
            "aws_sqs_queue.creator_catalyst_queue_cc",
            "aws_sqs_queue.report_batches",
            "data.aws_iam_role.lambda_role"
          ]
        }
      ]
    },
    {
      "mode": "managed",
      "type": "aws_lambda_event_source_mapping",
      "name": "send_email_sqs_trigger",
      "provider": "provider[\"registry.terraform.io/hashicorp/aws\"]",
      "instances": [
        {
          "schema_version": 0,
          "attributes": {
            "amazon_managed_kafka_event_source_config": [],
            "batch_size": 1,
            "bisect_batch_on_function_error": false,
            "destination_config": [],
            "document_db_event_source_config": [],
            "enabled": true,
            "event_source_arn": "arn:aws:sqs:us-west-1:396913719177:develop-send-email-queue-cc",
            "filter_criteria": [],
            "function_arn": "arn:aws:lambda:us-west-1:396913719177:function:develop-send-email",
            "function_name": "arn:aws:lambda:us-west-1:396913719177:function:develop-send-email",
            "function_response_types": [],
            "id": "06103beb-1978-49a6-9a8c-365cba353ce1",
            "last_modified": "2025-02-05T19:28:34Z",
            "last_processing_result": "",
            "maximum_batching_window_in_seconds": 0,
            "maximum_record_age_in_seconds": 0,
            "maximum_retry_attempts": 0,
            "parallelization_factor": 0,
            "queues": [],
            "scaling_config": [],
            "self_managed_event_source": [],
            "self_managed_kafka_event_source_config": [],
            "source_access_configuration": [],
            "starting_position": "",
            "starting_position_timestamp": "",
            "state": "Enabled",
            "state_transition_reason": "USER_INITIATED",
            "topics": [],
            "tumbling_window_in_seconds": 0,
            "uuid": "06103beb-1978-49a6-9a8c-365cba353ce1"
          },
          "sensitive_attributes": [],
          "private": "bnVsbA==",
          "dependencies": [
            "aws_lambda_function.send_email",
            "aws_lambda_layer_version.boto3_layer",
            "aws_lambda_layer_version.requests_layer",
            "aws_sqs_queue.send_email_queue",
            "data.aws_iam_role.lambda_role"
          ]
        }
      ]
    },
    {
      "mode": "managed",
      "type": "aws_lambda_function",
      "name": "media_analysis",
      "provider": "provider[\"registry.terraform.io/hashicorp/aws\"]",
      "instances": [
        {
          "schema_version": 0,
          "attributes": {
            "architectures": [
              "x86_64"
            ],
            "arn": "arn:aws:lambda:us-west-1:396913719177:function:develop-media-analysis",
            "code_signing_config_arn": "",
            "dead_letter_config": [],
            "description": "",
            "environment": [
              {
                "variables": {
                  "POSTS_BUCKET": "develop-creator-catalyst-analytics",
                  "POSTS_TABLE": "SocialNetworkPosts",
                  "RESPONSE_WEBHOOK_URL": "https://uyy2v7yn1c.execute-api.us-west-1.amazonaws.com/dev/unitarywh",
                  "UNITARY_API_KEY": "21be3bac-dca0-4cc2-b51a-819338a21d84",
                  "UNITARY_API_LOCATION": "https://api.unitary.ai/v1"
                }
              }
            ],
            "ephemeral_storage": [
              {
                "size": 512
              }
            ],
            "file_system_config": [],
            "filename": "compressed/develop-media-analysis.zip",
            "function_name": "develop-media-analysis",
            "handler": "lambda_function.lambda_handler",
            "id": "develop-media-analysis",
            "image_config": [],
            "image_uri": "",
            "invoke_arn": "arn:aws:apigateway:us-west-1:lambda:path/2015-03-31/functions/arn:aws:lambda:us-west-1:396913719177:function:develop-media-analysis/invocations",
            "kms_key_arn": "",
            "last_modified": "2025-02-11T17:57:00.000+0000",
            "layers": [],
            "memory_size": 128,
            "package_type": "Zip",
            "publish": false,
            "qualified_arn": "arn:aws:lambda:us-west-1:396913719177:function:develop-media-analysis:$LATEST",
            "qualified_invoke_arn": "arn:aws:apigateway:us-west-1:lambda:path/2015-03-31/functions/arn:aws:lambda:us-west-1:396913719177:function:develop-media-analysis:$LATEST/invocations",
            "replace_security_groups_on_destroy": null,
            "replacement_security_group_ids": null,
            "reserved_concurrent_executions": -1,
            "role": "arn:aws:iam::396913719177:role/develop-lambda-role",
            "runtime": "python3.10",
            "s3_bucket": null,
            "s3_key": null,
            "s3_object_version": null,
            "signing_job_arn": "",
            "signing_profile_version_arn": "",
            "skip_destroy": false,
            "snap_start": [],
            "source_code_hash": "RuGrFYFLC+60bYINe5KGm2LurcaF/VgMYzbFRB9MCm0=",
            "source_code_size": 1828,
            "tags": {},
            "tags_all": {},
            "timeout": 3,
            "timeouts": null,
            "tracing_config": [
              {
                "mode": "PassThrough"
              }
            ],
            "version": "$LATEST",
            "vpc_config": []
          },
          "sensitive_attributes": [],
          "private": "eyJlMmJmYjczMC1lY2FhLTExZTYtOGY4OC0zNDM2M2JjN2M0YzAiOnsiY3JlYXRlIjo2MDAwMDAwMDAwMDAsImRlbGV0ZSI6NjAwMDAwMDAwMDAwLCJ1cGRhdGUiOjYwMDAwMDAwMDAwMH19",
          "dependencies": [
            "data.aws_iam_role.lambda_role"
          ]
        }
      ]
    },
    {
      "mode": "managed",
      "type": "aws_lambda_function",
      "name": "metrics",
      "provider": "provider[\"registry.terraform.io/hashicorp/aws\"]",
      "instances": [
        {
          "schema_version": 0,
          "attributes": {
            "architectures": [
              "x86_64"
            ],
            "arn": "arn:aws:lambda:us-west-1:396913719177:function:develop-metrics",
            "code_signing_config_arn": "",
            "dead_letter_config": [],
            "description": "",
            "environment": [
              {
                "variables": {
                  "ATHENA_DATABASE": "develop-creator-catalyst-athena-database",
                  "S3_BUCKET": "develop-creator-catalyst-analytics",
                  "S3_FOLDER": "metrics",
                  "SECRET_NAME": "develop/backend/docker"
                }
              }
            ],
            "ephemeral_storage": [
              {
                "size": 512
              }
            ],
            "file_system_config": [],
            "filename": "compressed/develop-metrics.zip",
            "function_name": "develop-metrics",
            "handler": "lambda_function.lambda_handler",
            "id": "develop-metrics",
            "image_config": [],
            "image_uri": "",
            "invoke_arn": "arn:aws:apigateway:us-west-1:lambda:path/2015-03-31/functions/arn:aws:lambda:us-west-1:396913719177:function:develop-metrics/invocations",
            "kms_key_arn": "",
            "last_modified": "2025-02-11T17:56:56.000+0000",
            "layers": [
              "arn:aws:lambda:us-west-1:396913719177:layer:develop-psycopg2-layer:2"
            ],
            "memory_size": 128,
            "package_type": "Zip",
            "publish": false,
            "qualified_arn": "arn:aws:lambda:us-west-1:396913719177:function:develop-metrics:$LATEST",
            "qualified_invoke_arn": "arn:aws:apigateway:us-west-1:lambda:path/2015-03-31/functions/arn:aws:lambda:us-west-1:396913719177:function:develop-metrics:$LATEST/invocations",
            "replace_security_groups_on_destroy": null,
            "replacement_security_group_ids": null,
            "reserved_concurrent_executions": -1,
            "role": "arn:aws:iam::396913719177:role/develop-lambda-role",
            "runtime": "python3.10",
            "s3_bucket": null,
            "s3_key": null,
            "s3_object_version": null,
            "signing_job_arn": "",
            "signing_profile_version_arn": "",
            "skip_destroy": false,
            "snap_start": [],
            "source_code_hash": "M0zY7lyubv/v190GPSphfF9wGCeI+WxodNr7yOvBdGI=",
            "source_code_size": 2407,
            "tags": {},
            "tags_all": {},
            "timeout": 3,
            "timeouts": null,
            "tracing_config": [
              {
                "mode": "PassThrough"
              }
            ],
            "version": "$LATEST",
            "vpc_config": []
          },
          "sensitive_attributes": [],
          "private": "eyJlMmJmYjczMC1lY2FhLTExZTYtOGY4OC0zNDM2M2JjN2M0YzAiOnsiY3JlYXRlIjo2MDAwMDAwMDAwMDAsImRlbGV0ZSI6NjAwMDAwMDAwMDAwLCJ1cGRhdGUiOjYwMDAwMDAwMDAwMH19",
          "dependencies": [
            "aws_lambda_layer_version.psycopg2_layer",
            "aws_s3_bucket.creator_catalyst_analytics",
            "data.aws_iam_role.lambda_role"
          ]
        }
      ]
    },
    {
      "mode": "managed",
      "type": "aws_lambda_function",
      "name": "phyllo_profile_analytics",
      "provider": "provider[\"registry.terraform.io/hashicorp/aws\"]",
      "instances": [
        {
          "schema_version": 0,
          "attributes": {
            "architectures": [
              "x86_64"
            ],
            "arn": "arn:aws:lambda:us-west-1:396913719177:function:develop-phyllo-profile-analytics",
            "code_signing_config_arn": "",
            "dead_letter_config": [],
            "description": "",
            "environment": [
              {
                "variables": {
                  "DYNAMODB_TABLE_NAME": "develop-insiq-creator-profile-analytics",
                  "INSIGHTIQ_SECRET_NAME": "develop/backend/docker",
                  "SNS_TOPIC_ARN": "arn:aws:sns:us-west-1:396913719177:develop-CreatorProfileAnalyticsTopic"
                }
              }
            ],
            "ephemeral_storage": [
              {
                "size": 512
              }
            ],
            "file_system_config": [],
            "filename": "compressed/develop-phyllo-profile-analytics.zip",
            "function_name": "develop-phyllo-profile-analytics",
            "handler": "lambda_function.lambda_handler",
            "id": "develop-phyllo-profile-analytics",
            "image_config": [],
            "image_uri": "",
            "invoke_arn": "arn:aws:apigateway:us-west-1:lambda:path/2015-03-31/functions/arn:aws:lambda:us-west-1:396913719177:function:develop-phyllo-profile-analytics/invocations",
            "kms_key_arn": "",
            "last_modified": "2025-02-12T20:38:50.000+0000",
            "layers": [
              "arn:aws:lambda:us-west-1:396913719177:layer:develop-httpx-layer:1",
              "arn:aws:lambda:us-west-1:396913719177:layer:develop-boto3-layer:2"
            ],
            "memory_size": 256,
            "package_type": "Zip",
            "publish": false,
            "qualified_arn": "arn:aws:lambda:us-west-1:396913719177:function:develop-phyllo-profile-analytics:$LATEST",
            "qualified_invoke_arn": "arn:aws:apigateway:us-west-1:lambda:path/2015-03-31/functions/arn:aws:lambda:us-west-1:396913719177:function:develop-phyllo-profile-analytics:$LATEST/invocations",
            "replace_security_groups_on_destroy": null,
            "replacement_security_group_ids": null,
            "reserved_concurrent_executions": -1,
            "role": "arn:aws:iam::396913719177:role/develop-lambda-role",
            "runtime": "python3.10",
            "s3_bucket": null,
            "s3_key": null,
            "s3_object_version": null,
            "signing_job_arn": "",
            "signing_profile_version_arn": "",
            "skip_destroy": false,
            "snap_start": [],
            "source_code_hash": "/+jCt+NaLeNLjBtNnXG6CtJQF1rDKFraAkLBw9x3xzo=",
            "source_code_size": 3686,
            "tags": {},
            "tags_all": {},
            "timeout": 60,
            "timeouts": null,
            "tracing_config": [
              {
                "mode": "PassThrough"
              }
            ],
            "version": "$LATEST",
            "vpc_config": []
          },
          "sensitive_attributes": [],
          "private": "eyJlMmJmYjczMC1lY2FhLTExZTYtOGY4OC0zNDM2M2JjN2M0YzAiOnsiY3JlYXRlIjo2MDAwMDAwMDAwMDAsImRlbGV0ZSI6NjAwMDAwMDAwMDAwLCJ1cGRhdGUiOjYwMDAwMDAwMDAwMH19",
          "dependencies": [
            "aws_lambda_layer_version.boto3_layer",
            "aws_lambda_layer_version.httpx_layer",
            "data.aws_iam_role.lambda_role"
          ]
        }
      ]
    },
    {
      "mode": "managed",
      "type": "aws_lambda_function",
      "name": "phyllo_profile_analytics_navigator",
      "provider": "provider[\"registry.terraform.io/hashicorp/aws\"]",
      "instances": [
        {
          "schema_version": 0,
          "attributes": {
            "architectures": [
              "x86_64"
            ],
            "arn": "arn:aws:lambda:us-west-1:396913719177:function:develop-phyllo-profile-analytics-navigation",
            "code_signing_config_arn": "",
            "dead_letter_config": [],
            "description": "",
            "environment": [
              {
                "variables": {
                  "SECRET_MANAGER_NAME": "develop/backend/docker"
                }
              }
            ],
            "ephemeral_storage": [
              {
                "size": 512
              }
            ],
            "file_system_config": [],
            "filename": "compressed/develop-phyllo-profile-analytics-navigation.zip",
            "function_name": "develop-phyllo-profile-analytics-navigation",
            "handler": "lambda_function.lambda_handler",
            "id": "develop-phyllo-profile-analytics-navigation",
            "image_config": [],
            "image_uri": "",
            "invoke_arn": "arn:aws:apigateway:us-west-1:lambda:path/2015-03-31/functions/arn:aws:lambda:us-west-1:396913719177:function:develop-phyllo-profile-analytics-navigation/invocations",
            "kms_key_arn": "",
            "last_modified": "2025-02-14T14:52:12.696+0000",
            "layers": [
              "arn:aws:lambda:us-west-1:396913719177:layer:develop-boto3-layer:2"
            ],
            "memory_size": 256,
            "package_type": "Zip",
            "publish": false,
            "qualified_arn": "arn:aws:lambda:us-west-1:396913719177:function:develop-phyllo-profile-analytics-navigation:$LATEST",
            "qualified_invoke_arn": "arn:aws:apigateway:us-west-1:lambda:path/2015-03-31/functions/arn:aws:lambda:us-west-1:396913719177:function:develop-phyllo-profile-analytics-navigation:$LATEST/invocations",
            "replace_security_groups_on_destroy": null,
            "replacement_security_group_ids": null,
            "reserved_concurrent_executions": -1,
            "role": "arn:aws:iam::396913719177:role/develop-lambda-role",
            "runtime": "python3.10",
            "s3_bucket": null,
            "s3_key": null,
            "s3_object_version": null,
            "signing_job_arn": "",
            "signing_profile_version_arn": "",
            "skip_destroy": false,
            "snap_start": [],
            "source_code_hash": "Ax+jwhhViOqbpmFrGcgD3nA5ixOxf7uKmHLIYK8mcY0=",
            "source_code_size": 1101,
            "tags": null,
            "tags_all": {},
            "timeout": 60,
            "timeouts": null,
            "tracing_config": [
              {
                "mode": "PassThrough"
              }
            ],
            "version": "$LATEST",
            "vpc_config": []
          },
          "sensitive_attributes": [],
          "private": "eyJlMmJmYjczMC1lY2FhLTExZTYtOGY4OC0zNDM2M2JjN2M0YzAiOnsiY3JlYXRlIjo2MDAwMDAwMDAwMDAsImRlbGV0ZSI6NjAwMDAwMDAwMDAwLCJ1cGRhdGUiOjYwMDAwMDAwMDAwMH19",
          "dependencies": [
            "aws_lambda_layer_version.boto3_layer",
            "data.aws_iam_role.lambda_role"
          ]
        }
      ]
    },
    {
      "mode": "managed",
      "type": "aws_lambda_function",
      "name": "post_batch_processing",
      "provider": "provider[\"registry.terraform.io/hashicorp/aws\"]",
      "instances": [
        {
          "schema_version": 0,
          "attributes": {
            "architectures": [
              "x86_64"
            ],
            "arn": "arn:aws:lambda:us-west-1:396913719177:function:develop-post-batch-processing",
            "code_signing_config_arn": "",
            "dead_letter_config": [],
            "description": "",
            "environment": [
              {
                "variables": {
                  "ATHENA_DATABASE": "develop-creator-catalyst-athena-database",
                  "POSTS_TABLE": "postmetrics",
                  "S3_BUCKET": "develop-creator-catalyst-analytics",
                  "S3_FOLDER": "post-batch-processing",
                  "SECRET_NAME": "develop/backend/docker"
                }
              }
            ],
            "ephemeral_storage": [
              {
                "size": 512
              }
            ],
            "file_system_config": [],
            "filename": "compressed/develop-posts-batch-processing.zip",
            "function_name": "develop-post-batch-processing",
            "handler": "lambda_function.lambda_handler",
            "id": "develop-post-batch-processing",
            "image_config": [],
            "image_uri": "",
            "invoke_arn": "arn:aws:apigateway:us-west-1:lambda:path/2015-03-31/functions/arn:aws:lambda:us-west-1:396913719177:function:develop-post-batch-processing/invocations",
            "kms_key_arn": "",
            "last_modified": "2025-02-11T18:08:53.000+0000",
            "layers": [
              "arn:aws:lambda:us-west-1:396913719177:layer:develop-requests-layer:2"
            ],
            "memory_size": 128,
            "package_type": "Zip",
            "publish": false,
            "qualified_arn": "arn:aws:lambda:us-west-1:396913719177:function:develop-post-batch-processing:$LATEST",
            "qualified_invoke_arn": "arn:aws:apigateway:us-west-1:lambda:path/2015-03-31/functions/arn:aws:lambda:us-west-1:396913719177:function:develop-post-batch-processing:$LATEST/invocations",
            "replace_security_groups_on_destroy": null,
            "replacement_security_group_ids": null,
            "reserved_concurrent_executions": -1,
            "role": "arn:aws:iam::396913719177:role/develop-lambda-role",
            "runtime": "python3.10",
            "s3_bucket": null,
            "s3_key": null,
            "s3_object_version": null,
            "signing_job_arn": "",
            "signing_profile_version_arn": "",
            "skip_destroy": false,
            "snap_start": [],
            "source_code_hash": "pUSdwwYiwcm7Br2vsOlhHMrz8ofwjH4bzE3bmvSQq9k=",
            "source_code_size": 1978,
            "tags": {},
            "tags_all": {},
            "timeout": 3,
            "timeouts": null,
            "tracing_config": [
              {
                "mode": "PassThrough"
              }
            ],
            "version": "$LATEST",
            "vpc_config": []
          },
          "sensitive_attributes": [],
          "private": "eyJlMmJmYjczMC1lY2FhLTExZTYtOGY4OC0zNDM2M2JjN2M0YzAiOnsiY3JlYXRlIjo2MDAwMDAwMDAwMDAsImRlbGV0ZSI6NjAwMDAwMDAwMDAwLCJ1cGRhdGUiOjYwMDAwMDAwMDAwMH19",
          "dependencies": [
            "aws_lambda_layer_version.requests_layer",
            "aws_s3_bucket.creator_catalyst_analytics",
            "data.aws_iam_role.lambda_role"
          ]
        }
      ]
    },
    {
      "mode": "managed",
      "type": "aws_lambda_function",
      "name": "posts_processing",
      "provider": "provider[\"registry.terraform.io/hashicorp/aws\"]",
      "instances": [
        {
          "schema_version": 0,
          "attributes": {
            "architectures": [
              "x86_64"
            ],
            "arn": "arn:aws:lambda:us-west-1:396913719177:function:develop-posts-processing",
            "code_signing_config_arn": "",
            "dead_letter_config": [],
            "description": "",
            "environment": [
              {
                "variables": {
                  "ATHENA_DATABASE": "develop-creator-catalyst-athena-database",
                  "POSTS_TABLE": "postmetrics",
                  "S3_BUCKET": "develop-creator-catalyst-analytics",
                  "S3_FOLDER": "post-batch-processing",
                  "SECRET_NAME": "develop/backend/docker"
                }
              }
            ],
            "ephemeral_storage": [
              {
                "size": 512
              }
            ],
            "file_system_config": [],
            "filename": "compressed/develop-posts-processing.zip",
            "function_name": "develop-posts-processing",
            "handler": "lambda_function.lambda_handler",
            "id": "develop-posts-processing",
            "image_config": [],
            "image_uri": "",
            "invoke_arn": "arn:aws:apigateway:us-west-1:lambda:path/2015-03-31/functions/arn:aws:lambda:us-west-1:396913719177:function:develop-posts-processing/invocations",
            "kms_key_arn": "",
            "last_modified": "2025-02-11T17:56:55.000+0000",
            "layers": [
              "arn:aws:lambda:us-west-1:396913719177:layer:develop-requests-layer:2"
            ],
            "memory_size": 128,
            "package_type": "Zip",
            "publish": false,
            "qualified_arn": "arn:aws:lambda:us-west-1:396913719177:function:develop-posts-processing:$LATEST",
            "qualified_invoke_arn": "arn:aws:apigateway:us-west-1:lambda:path/2015-03-31/functions/arn:aws:lambda:us-west-1:396913719177:function:develop-posts-processing:$LATEST/invocations",
            "replace_security_groups_on_destroy": null,
            "replacement_security_group_ids": null,
            "reserved_concurrent_executions": -1,
            "role": "arn:aws:iam::396913719177:role/develop-lambda-role",
            "runtime": "python3.10",
            "s3_bucket": null,
            "s3_key": null,
            "s3_object_version": null,
            "signing_job_arn": "",
            "signing_profile_version_arn": "",
            "skip_destroy": false,
            "snap_start": [],
            "source_code_hash": "v27rz85JD6g6EBh9pfVWi/HIuC28n2IXpJP9t1EY0ho=",
            "source_code_size": 1537,
            "tags": {},
            "tags_all": {},
            "timeout": 3,
            "timeouts": null,
            "tracing_config": [
              {
                "mode": "PassThrough"
              }
            ],
            "version": "$LATEST",
            "vpc_config": []
          },
          "sensitive_attributes": [],
          "private": "eyJlMmJmYjczMC1lY2FhLTExZTYtOGY4OC0zNDM2M2JjN2M0YzAiOnsiY3JlYXRlIjo2MDAwMDAwMDAwMDAsImRlbGV0ZSI6NjAwMDAwMDAwMDAwLCJ1cGRhdGUiOjYwMDAwMDAwMDAwMH19",
          "dependencies": [
            "aws_lambda_layer_version.requests_layer",
            "aws_s3_bucket.creator_catalyst_analytics",
            "data.aws_iam_role.lambda_role"
          ]
        }
      ]
    },
    {
      "mode": "managed",
      "type": "aws_lambda_function",
      "name": "posts_score_metrics",
      "provider": "provider[\"registry.terraform.io/hashicorp/aws\"]",
      "instances": [
        {
          "schema_version": 0,
          "attributes": {
            "architectures": [
              "x86_64"
            ],
            "arn": "arn:aws:lambda:us-west-1:396913719177:function:develop-posts-score-metrics",
            "code_signing_config_arn": "",
            "dead_letter_config": [],
            "description": "",
            "environment": [
              {
                "variables": {
                  "S3_BUCKET": "develop-creator-catalyst-analytics",
                  "S3_FOLDER": "metrics",
                  "SECRET_NAME": "develop/backend/docker"
                }
              }
            ],
            "ephemeral_storage": [
              {
                "size": 512
              }
            ],
            "file_system_config": [],
            "filename": "compressed/develop-posts-score-metrics.zip",
            "function_name": "develop-posts-score-metrics",
            "handler": "lambda_function.lambda_handler",
            "id": "develop-posts-score-metrics",
            "image_config": [],
            "image_uri": "",
            "invoke_arn": "arn:aws:apigateway:us-west-1:lambda:path/2015-03-31/functions/arn:aws:lambda:us-west-1:396913719177:function:develop-posts-score-metrics/invocations",
            "kms_key_arn": "",
            "last_modified": "2025-02-11T17:56:56.000+0000",
            "layers": [],
            "memory_size": 128,
            "package_type": "Zip",
            "publish": false,
            "qualified_arn": "arn:aws:lambda:us-west-1:396913719177:function:develop-posts-score-metrics:$LATEST",
            "qualified_invoke_arn": "arn:aws:apigateway:us-west-1:lambda:path/2015-03-31/functions/arn:aws:lambda:us-west-1:396913719177:function:develop-posts-score-metrics:$LATEST/invocations",
            "replace_security_groups_on_destroy": null,
            "replacement_security_group_ids": null,
            "reserved_concurrent_executions": -1,
            "role": "arn:aws:iam::396913719177:role/develop-lambda-role",
            "runtime": "python3.10",
            "s3_bucket": null,
            "s3_key": null,
            "s3_object_version": null,
            "signing_job_arn": "",
            "signing_profile_version_arn": "",
            "skip_destroy": false,
            "snap_start": [],
            "source_code_hash": "rzGmJtpu2jc6y4bEVH+RqJeTa7LSqeNtKuV0JZXjnMk=",
            "source_code_size": 2009,
            "tags": {},
            "tags_all": {},
            "timeout": 3,
            "timeouts": null,
            "tracing_config": [
              {
                "mode": "PassThrough"
              }
            ],
            "version": "$LATEST",
            "vpc_config": []
          },
          "sensitive_attributes": [],
          "private": "eyJlMmJmYjczMC1lY2FhLTExZTYtOGY4OC0zNDM2M2JjN2M0YzAiOnsiY3JlYXRlIjo2MDAwMDAwMDAwMDAsImRlbGV0ZSI6NjAwMDAwMDAwMDAwLCJ1cGRhdGUiOjYwMDAwMDAwMDAwMH19",
          "dependencies": [
            "aws_s3_bucket.creator_catalyst_analytics",
            "data.aws_iam_role.lambda_role"
          ]
        }
      ]
    },
    {
      "mode": "managed",
      "type": "aws_lambda_function",
      "name": "process_creator_report",
      "provider": "provider[\"registry.terraform.io/hashicorp/aws\"]",
      "instances": [
        {
          "schema_version": 0,
          "attributes": {
            "architectures": [
              "x86_64"
            ],
            "arn": "arn:aws:lambda:us-west-1:396913719177:function:develop-process-creator-report",
            "code_signing_config_arn": "",
            "dead_letter_config": [],
            "description": "",
            "environment": [
              {
                "variables": {
                  "REPORT_BATCH_SQS": "arn:aws:sqs:us-west-1:396913719177:develop-report-batches"
                }
              }
            ],
            "ephemeral_storage": [
              {
                "size": 512
              }
            ],
            "file_system_config": [],
            "filename": "compressed/develop-process-creator-report.zip",
            "function_name": "develop-process-creator-report",
            "handler": "lambda_function.lambda_handler",
            "id": "develop-process-creator-report",
            "image_config": [],
            "image_uri": "",
            "invoke_arn": "arn:aws:apigateway:us-west-1:lambda:path/2015-03-31/functions/arn:aws:lambda:us-west-1:396913719177:function:develop-process-creator-report/invocations",
            "kms_key_arn": "",
            "last_modified": "2025-02-11T17:51:16.000+0000",
            "layers": [
              "arn:aws:lambda:us-west-1:396913719177:layer:develop-requests-layer:2"
            ],
            "memory_size": 128,
            "package_type": "Zip",
            "publish": false,
            "qualified_arn": "arn:aws:lambda:us-west-1:396913719177:function:develop-process-creator-report:$LATEST",
            "qualified_invoke_arn": "arn:aws:apigateway:us-west-1:lambda:path/2015-03-31/functions/arn:aws:lambda:us-west-1:396913719177:function:develop-process-creator-report:$LATEST/invocations",
            "replace_security_groups_on_destroy": null,
            "replacement_security_group_ids": null,
            "reserved_concurrent_executions": -1,
            "role": "arn:aws:iam::396913719177:role/develop-lambda-role",
            "runtime": "python3.10",
            "s3_bucket": null,
            "s3_key": null,
            "s3_object_version": null,
            "signing_job_arn": "",
            "signing_profile_version_arn": "",
            "skip_destroy": false,
            "snap_start": [],
            "source_code_hash": "PSWH72e9YDg9ggxs+rGUVQnzM9qa4A3EwjlLwKpXtgI=",
            "source_code_size": 956,
            "tags": {},
            "tags_all": {},
            "timeout": 3,
            "timeouts": null,
            "tracing_config": [
              {
                "mode": "PassThrough"
              }
            ],
            "version": "$LATEST",
            "vpc_config": []
          },
          "sensitive_attributes": [],
          "private": "eyJlMmJmYjczMC1lY2FhLTExZTYtOGY4OC0zNDM2M2JjN2M0YzAiOnsiY3JlYXRlIjo2MDAwMDAwMDAwMDAsImRlbGV0ZSI6NjAwMDAwMDAwMDAwLCJ1cGRhdGUiOjYwMDAwMDAwMDAwMH19",
          "dependencies": [
            "aws_lambda_layer_version.requests_layer",
            "aws_sqs_queue.report_batches",
            "data.aws_iam_role.lambda_role"
          ]
        }
      ]
    },
    {
      "mode": "managed",
      "type": "aws_lambda_function",
      "name": "process_report_batch",
      "provider": "provider[\"registry.terraform.io/hashicorp/aws\"]",
      "instances": [
        {
          "schema_version": 0,
          "attributes": {
            "architectures": [
              "x86_64"
            ],
            "arn": "arn:aws:lambda:us-west-1:396913719177:function:develop-process-report-batch",
            "code_signing_config_arn": "",
            "dead_letter_config": [],
            "description": "",
            "environment": [
              {
                "variables": {
                  "API_PASSWORD": "zIiwiZXhwIjoxNzEyOTU",
                  "API_URL": "https://apidev.creatorcatalyst.ai",
                  "API_USER": "autoupdater@momofactor.com",
                  "ATHENA_DB": "develop-creatorcatalyst-athena-database",
                  "ATHENA_RESULTS_BUCKET": "develop-creator-catalyst-analytics",
                  "SCRAPER_SQS": "arn:aws:sqs:us-west-1:396913719177:develop-dev-queue-cc",
                  "USER_METRICS_BUCKET": "usermetrics-posts-creator-catalyst"
                }
              }
            ],
            "ephemeral_storage": [
              {
                "size": 512
              }
            ],
            "file_system_config": [],
            "filename": "compressed/develop-process-report-batch.zip",
            "function_name": "develop-process-report-batch",
            "handler": "lambda_function.lambda_handler",
            "id": "develop-process-report-batch",
            "image_config": [],
            "image_uri": "",
            "invoke_arn": "arn:aws:apigateway:us-west-1:lambda:path/2015-03-31/functions/arn:aws:lambda:us-west-1:396913719177:function:develop-process-report-batch/invocations",
            "kms_key_arn": "",
            "last_modified": "2025-02-11T17:56:56.000+0000",
            "layers": [
              "arn:aws:lambda:us-west-1:396913719177:layer:develop-requests-layer:2"
            ],
            "memory_size": 128,
            "package_type": "Zip",
            "publish": false,
            "qualified_arn": "arn:aws:lambda:us-west-1:396913719177:function:develop-process-report-batch:$LATEST",
            "qualified_invoke_arn": "arn:aws:apigateway:us-west-1:lambda:path/2015-03-31/functions/arn:aws:lambda:us-west-1:396913719177:function:develop-process-report-batch:$LATEST/invocations",
            "replace_security_groups_on_destroy": null,
            "replacement_security_group_ids": null,
            "reserved_concurrent_executions": -1,
            "role": "arn:aws:iam::396913719177:role/develop-lambda-role",
            "runtime": "python3.10",
            "s3_bucket": null,
            "s3_key": null,
            "s3_object_version": null,
            "signing_job_arn": "",
            "signing_profile_version_arn": "",
            "skip_destroy": false,
            "snap_start": [],
            "source_code_hash": "yHTKTtAqZ2ZQ6zRCwkLJszf7gWjcKk5SSiyZPGQxu+8=",
            "source_code_size": 1784,
            "tags": {},
            "tags_all": {},
            "timeout": 3,
            "timeouts": null,
            "tracing_config": [
              {
                "mode": "PassThrough"
              }
            ],
            "version": "$LATEST",
            "vpc_config": []
          },
          "sensitive_attributes": [],
          "private": "eyJlMmJmYjczMC1lY2FhLTExZTYtOGY4OC0zNDM2M2JjN2M0YzAiOnsiY3JlYXRlIjo2MDAwMDAwMDAwMDAsImRlbGV0ZSI6NjAwMDAwMDAwMDAwLCJ1cGRhdGUiOjYwMDAwMDAwMDAwMH19",
          "dependencies": [
            "aws_lambda_layer_version.requests_layer",
            "aws_s3_bucket.creator_catalyst_analytics",
            "aws_sqs_queue.creator_catalyst_queue_cc",
            "data.aws_iam_role.lambda_role"
          ]
        }
      ]
    },
    {
      "mode": "managed",
      "type": "aws_lambda_function",
      "name": "score_metrics",
      "provider": "provider[\"registry.terraform.io/hashicorp/aws\"]",
      "instances": [
        {
          "schema_version": 0,
          "attributes": {
            "architectures": [
              "x86_64"
            ],
            "arn": "arn:aws:lambda:us-west-1:396913719177:function:develop-score-metrics",
            "code_signing_config_arn": "",
            "dead_letter_config": [],
            "description": "",
            "environment": [
              {
                "variables": {
                  "ATHENA_DB": "develop-creatorcatalyst-athena-database",
                  "BACKUP_LOCATION": "score_metrics",
                  "DESTINATION_BUCKET": "develop-creator-catalyst-analytics",
                  "FILETYPE": "parquet",
                  "GLUE_JOB_NAME": "convert_file",
                  "QUERY_RESULTS_PATH": "score_metrics",
                  "SOURCE_BUCKET": "develop-creator-catalyst-analytics"
                }
              }
            ],
            "ephemeral_storage": [
              {
                "size": 512
              }
            ],
            "file_system_config": [],
            "filename": "compressed/develop-score-metrics.zip",
            "function_name": "develop-score-metrics",
            "handler": "lambda_function.lambda_handler",
            "id": "develop-score-metrics",
            "image_config": [],
            "image_uri": "",
            "invoke_arn": "arn:aws:apigateway:us-west-1:lambda:path/2015-03-31/functions/arn:aws:lambda:us-west-1:396913719177:function:develop-score-metrics/invocations",
            "kms_key_arn": "",
            "last_modified": "2025-02-11T17:57:02.000+0000",
            "layers": [],
            "memory_size": 128,
            "package_type": "Zip",
            "publish": false,
            "qualified_arn": "arn:aws:lambda:us-west-1:396913719177:function:develop-score-metrics:$LATEST",
            "qualified_invoke_arn": "arn:aws:apigateway:us-west-1:lambda:path/2015-03-31/functions/arn:aws:lambda:us-west-1:396913719177:function:develop-score-metrics:$LATEST/invocations",
            "replace_security_groups_on_destroy": null,
            "replacement_security_group_ids": null,
            "reserved_concurrent_executions": -1,
            "role": "arn:aws:iam::396913719177:role/develop-lambda-role",
            "runtime": "python3.10",
            "s3_bucket": null,
            "s3_key": null,
            "s3_object_version": null,
            "signing_job_arn": "",
            "signing_profile_version_arn": "",
            "skip_destroy": false,
            "snap_start": [],
            "source_code_hash": "0wQ9nlUImnVq+ayLdSj3gU1vnA9hWGUgHe1H4xRGiAM=",
            "source_code_size": 5893,
            "tags": {},
            "tags_all": {},
            "timeout": 3,
            "timeouts": null,
            "tracing_config": [
              {
                "mode": "PassThrough"
              }
            ],
            "version": "$LATEST",
            "vpc_config": []
          },
          "sensitive_attributes": [],
          "private": "eyJlMmJmYjczMC1lY2FhLTExZTYtOGY4OC0zNDM2M2JjN2M0YzAiOnsiY3JlYXRlIjo2MDAwMDAwMDAwMDAsImRlbGV0ZSI6NjAwMDAwMDAwMDAwLCJ1cGRhdGUiOjYwMDAwMDAwMDAwMH19",
          "dependencies": [
            "aws_s3_bucket.creator_catalyst_analytics",
            "data.aws_iam_role.lambda_role"
          ]
        }
      ]
    },
    {
      "mode": "managed",
      "type": "aws_lambda_function",
      "name": "send_email",
      "provider": "provider[\"registry.terraform.io/hashicorp/aws\"]",
      "instances": [
        {
          "schema_version": 0,
          "attributes": {
            "architectures": [
              "x86_64"
            ],
            "arn": "arn:aws:lambda:us-west-1:396913719177:function:develop-send-email",
            "code_signing_config_arn": "",
            "dead_letter_config": [],
            "description": "",
            "environment": [
              {
                "variables": {
                  "DOMAIN_NAME": "cc.creatorcatalyst.ai",
                  "SECRET_NAME": "develop/backend/docker"
                }
              }
            ],
            "ephemeral_storage": [
              {
                "size": 512
              }
            ],
            "file_system_config": [],
            "filename": "compressed/develop-send-email.zip",
            "function_name": "develop-send-email",
            "handler": "lambda_function.lambda_handler",
            "id": "develop-send-email",
            "image_config": [],
            "image_uri": "",
            "invoke_arn": "arn:aws:apigateway:us-west-1:lambda:path/2015-03-31/functions/arn:aws:lambda:us-west-1:396913719177:function:develop-send-email/invocations",
            "kms_key_arn": "",
            "last_modified": "2025-02-11T19:15:08.000+0000",
            "layers": [
              "arn:aws:lambda:us-west-1:396913719177:layer:develop-requests-layer:2",
              "arn:aws:lambda:us-west-1:396913719177:layer:develop-boto3-layer:2"
            ],
            "memory_size": 128,
            "package_type": "Zip",
            "publish": false,
            "qualified_arn": "arn:aws:lambda:us-west-1:396913719177:function:develop-send-email:$LATEST",
            "qualified_invoke_arn": "arn:aws:apigateway:us-west-1:lambda:path/2015-03-31/functions/arn:aws:lambda:us-west-1:396913719177:function:develop-send-email:$LATEST/invocations",
            "replace_security_groups_on_destroy": null,
            "replacement_security_group_ids": null,
            "reserved_concurrent_executions": -1,
            "role": "arn:aws:iam::396913719177:role/develop-lambda-role",
            "runtime": "python3.10",
            "s3_bucket": null,
            "s3_key": null,
            "s3_object_version": null,
            "signing_job_arn": "",
            "signing_profile_version_arn": "",
            "skip_destroy": false,
            "snap_start": [],
            "source_code_hash": "09v5TPeOcgBSjE2jpSSppFzfkwuli/N39Q6IjIQ+FME=",
            "source_code_size": 835,
            "tags": {},
            "tags_all": {},
            "timeout": 3,
            "timeouts": null,
            "tracing_config": [
              {
                "mode": "PassThrough"
              }
            ],
            "version": "$LATEST",
            "vpc_config": []
          },
          "sensitive_attributes": [],
          "private": "eyJlMmJmYjczMC1lY2FhLTExZTYtOGY4OC0zNDM2M2JjN2M0YzAiOnsiY3JlYXRlIjo2MDAwMDAwMDAwMDAsImRlbGV0ZSI6NjAwMDAwMDAwMDAwLCJ1cGRhdGUiOjYwMDAwMDAwMDAwMH19",
          "dependencies": [
            "aws_lambda_layer_version.boto3_layer",
            "aws_lambda_layer_version.requests_layer",
            "data.aws_iam_role.lambda_role"
          ]
        }
      ]
    },
    {
      "mode": "managed",
      "type": "aws_lambda_function",
      "name": "unitary_webhook",
      "provider": "provider[\"registry.terraform.io/hashicorp/aws\"]",
      "instances": [
        {
          "schema_version": 0,
          "attributes": {
            "architectures": [
              "x86_64"
            ],
            "arn": "arn:aws:lambda:us-west-1:396913719177:function:develop-unitary-webhook",
            "code_signing_config_arn": "",
            "dead_letter_config": [],
            "description": "",
            "environment": [
              {
                "variables": {
                  "POSTS_BUCKET": "data-creator-catalyst",
                  "POSTS_TABLE": "SocialNetworkPosts",
                  "TAGS_BUCKET": "tags-creator-catalyst"
                }
              }
            ],
            "ephemeral_storage": [
              {
                "size": 512
              }
            ],
            "file_system_config": [],
            "filename": "compressed/develop-unitary-webhook.zip",
            "function_name": "develop-unitary-webhook",
            "handler": "lambda_function.lambda_handler",
            "id": "develop-unitary-webhook",
            "image_config": [],
            "image_uri": "",
            "invoke_arn": "arn:aws:apigateway:us-west-1:lambda:path/2015-03-31/functions/arn:aws:lambda:us-west-1:396913719177:function:develop-unitary-webhook/invocations",
            "kms_key_arn": "",
            "last_modified": "2025-02-11T17:56:58.000+0000",
            "layers": [],
            "memory_size": 128,
            "package_type": "Zip",
            "publish": false,
            "qualified_arn": "arn:aws:lambda:us-west-1:396913719177:function:develop-unitary-webhook:$LATEST",
            "qualified_invoke_arn": "arn:aws:apigateway:us-west-1:lambda:path/2015-03-31/functions/arn:aws:lambda:us-west-1:396913719177:function:develop-unitary-webhook:$LATEST/invocations",
            "replace_security_groups_on_destroy": null,
            "replacement_security_group_ids": null,
            "reserved_concurrent_executions": -1,
            "role": "arn:aws:iam::396913719177:role/develop-lambda-role",
            "runtime": "python3.10",
            "s3_bucket": null,
            "s3_key": null,
            "s3_object_version": null,
            "signing_job_arn": "",
            "signing_profile_version_arn": "",
            "skip_destroy": false,
            "snap_start": [],
            "source_code_hash": "0sibonUGWJcmOQVMa4l+bktIujhG4ZYH07d1pv6fm9c=",
            "source_code_size": 930,
            "tags": {},
            "tags_all": {},
            "timeout": 3,
            "timeouts": null,
            "tracing_config": [
              {
                "mode": "PassThrough"
              }
            ],
            "version": "$LATEST",
            "vpc_config": []
          },
          "sensitive_attributes": [],
          "private": "eyJlMmJmYjczMC1lY2FhLTExZTYtOGY4OC0zNDM2M2JjN2M0YzAiOnsiY3JlYXRlIjo2MDAwMDAwMDAwMDAsImRlbGV0ZSI6NjAwMDAwMDAwMDAwLCJ1cGRhdGUiOjYwMDAwMDAwMDAwMH19",
          "dependencies": [
            "data.aws_iam_role.lambda_role"
          ]
        }
      ]
    },
    {
      "mode": "managed",
      "type": "aws_lambda_layer_version",
      "name": "boto3_layer",
      "provider": "provider[\"registry.terraform.io/hashicorp/aws\"]",
      "instances": [
        {
          "schema_version": 0,
          "attributes": {
            "arn": "arn:aws:lambda:us-west-1:396913719177:layer:develop-boto3-layer:2",
            "compatible_architectures": [],
            "compatible_runtimes": [
              "python3.10",
              "python3.9"
            ],
            "created_date": "2025-01-07T18:03:56.465+0000",
            "description": "Layer for boto3 library",
            "filename": "layers/compressed/boto3-layer.zip",
            "id": "arn:aws:lambda:us-west-1:396913719177:layer:develop-boto3-layer:2",
            "layer_arn": "arn:aws:lambda:us-west-1:396913719177:layer:develop-boto3-layer",
            "layer_name": "develop-boto3-layer",
            "license_info": "",
            "s3_bucket": null,
            "s3_key": null,
            "s3_object_version": null,
            "signing_job_arn": "",
            "signing_profile_version_arn": "",
            "skip_destroy": false,
            "source_code_hash": "J8XsuwAXvEF96uNcz8nifmO9ZJLRCKHh8V8S0bKrAes=",
            "source_code_size": 20553570,
            "version": "2"
          },
          "sensitive_attributes": [],
          "private": "bnVsbA=="
        }
      ]
    },
    {
      "mode": "managed",
      "type": "aws_lambda_layer_version",
      "name": "httpx_layer",
      "provider": "provider[\"registry.terraform.io/hashicorp/aws\"]",
      "instances": [
        {
          "schema_version": 0,
          "attributes": {
            "arn": "arn:aws:lambda:us-west-1:396913719177:layer:develop-httpx-layer:1",
            "compatible_architectures": [],
            "compatible_runtimes": [
              "python3.10",
              "python3.9"
            ],
            "created_date": "2025-02-12T15:52:30.706+0000",
            "description": "Layer for httpx library",
            "filename": "layers/compressed/httpx-layer.zip",
            "id": "arn:aws:lambda:us-west-1:396913719177:layer:develop-httpx-layer:1",
            "layer_arn": "arn:aws:lambda:us-west-1:396913719177:layer:develop-httpx-layer",
            "layer_name": "develop-httpx-layer",
            "license_info": "",
            "s3_bucket": null,
            "s3_key": null,
            "s3_object_version": null,
            "signing_job_arn": "",
            "signing_profile_version_arn": "",
            "skip_destroy": false,
            "source_code_hash": "kM4IQK9czJzCmA/CocGYZ8vowYpJ+vOB+Rk0lQaPQOA=",
            "source_code_size": 1203927,
            "version": "1"
          },
          "sensitive_attributes": [],
          "private": "bnVsbA=="
        }
      ]
    },
    {
      "mode": "managed",
      "type": "aws_lambda_layer_version",
      "name": "psycopg2_layer",
      "provider": "provider[\"registry.terraform.io/hashicorp/aws\"]",
      "instances": [
        {
          "schema_version": 0,
          "attributes": {
            "arn": "arn:aws:lambda:us-west-1:396913719177:layer:develop-psycopg2-layer:2",
            "compatible_architectures": [],
            "compatible_runtimes": [
              "python3.10",
              "python3.9"
            ],
            "created_date": "2025-01-07T18:03:43.873+0000",
            "description": "",
            "filename": "layers/compressed/psycopg2-layer.zip",
            "id": "arn:aws:lambda:us-west-1:396913719177:layer:develop-psycopg2-layer:2",
            "layer_arn": "arn:aws:lambda:us-west-1:396913719177:layer:develop-psycopg2-layer",
            "layer_name": "develop-psycopg2-layer",
            "license_info": "",
            "s3_bucket": null,
            "s3_key": null,
            "s3_object_version": null,
            "signing_job_arn": "",
            "signing_profile_version_arn": "",
            "skip_destroy": false,
            "source_code_hash": "YAGy3XOd6REy4zyPJMe8HJymGfcI1nI7zjBH60gFzuI=",
            "source_code_size": 8182337,
            "version": "2"
          },
          "sensitive_attributes": [],
          "private": "bnVsbA=="
        }
      ]
    },
    {
      "mode": "managed",
      "type": "aws_lambda_layer_version",
      "name": "requests_layer",
      "provider": "provider[\"registry.terraform.io/hashicorp/aws\"]",
      "instances": [
        {
          "schema_version": 0,
          "attributes": {
            "arn": "arn:aws:lambda:us-west-1:396913719177:layer:develop-requests-layer:2",
            "compatible_architectures": [],
            "compatible_runtimes": [
              "python3.10",
              "python3.9"
            ],
            "created_date": "2025-01-07T18:03:39.214+0000",
            "description": "",
            "filename": "layers/compressed/requests-layer.zip",
            "id": "arn:aws:lambda:us-west-1:396913719177:layer:develop-requests-layer:2",
            "layer_arn": "arn:aws:lambda:us-west-1:396913719177:layer:develop-requests-layer",
            "layer_name": "develop-requests-layer",
            "license_info": "",
            "s3_bucket": null,
            "s3_key": null,
            "s3_object_version": null,
            "signing_job_arn": "",
            "signing_profile_version_arn": "",
            "skip_destroy": false,
            "source_code_hash": "zEYDMWKsCkHqucpbyTwhE/rfLkqc8qwscbgLITGbPWg=",
            "source_code_size": 6135114,
            "version": "2"
          },
          "sensitive_attributes": [],
          "private": "bnVsbA=="
        }
      ]
    },
    {
      "mode": "managed",
      "type": "aws_lambda_permission",
      "name": "apigw_lambda_permission",
      "provider": "provider[\"registry.terraform.io/hashicorp/aws\"]",
      "instances": [
        {
          "schema_version": 0,
          "attributes": {
            "action": "lambda:InvokeFunction",
            "event_source_token": null,
            "function_name": "develop-phyllo-profile-analytics",
            "function_url_auth_type": null,
            "id": "AllowAPIGatewayInvoke",
            "principal": "apigateway.amazonaws.com",
            "principal_org_id": null,
            "qualifier": "",
            "source_account": null,
            "source_arn": "arn:aws:execute-api:us-west-1:396913719177:az9y9aqo7h/*/*",
            "statement_id": "AllowAPIGatewayInvoke",
            "statement_id_prefix": ""
          },
          "sensitive_attributes": [],
          "private": "bnVsbA==",
          "dependencies": [
            "aws_api_gateway_rest_api.creator_catalyst_integrations",
            "aws_lambda_function.phyllo_profile_analytics",
            "aws_lambda_layer_version.boto3_layer",
            "aws_lambda_layer_version.httpx_layer",
            "data.aws_iam_role.lambda_role"
          ]
        }
      ]
    },
    {
      "mode": "managed",
      "type": "aws_lambda_permission",
      "name": "apigw_lambda_permission_report_processing",
      "provider": "provider[\"registry.terraform.io/hashicorp/aws\"]",
      "instances": [
        {
          "schema_version": 0,
          "attributes": {
            "action": "lambda:InvokeFunction",
            "event_source_token": null,
            "function_name": "develop-process-creator-report",
            "function_url_auth_type": null,
            "id": "AllowAPIGatewayInvokeReportProcessing",
            "principal": "apigateway.amazonaws.com",
            "principal_org_id": null,
            "qualifier": "",
            "source_account": null,
            "source_arn": "arn:aws:execute-api:us-west-1:396913719177:az9y9aqo7h/POST/reportprocessing",
            "statement_id": "AllowAPIGatewayInvokeReportProcessing",
            "statement_id_prefix": ""
          },
          "sensitive_attributes": [],
          "private": "bnVsbA==",
          "dependencies": [
            "aws_api_gateway_rest_api.creator_catalyst_integrations",
            "aws_lambda_function.process_creator_report",
            "aws_lambda_layer_version.requests_layer",
            "aws_sqs_queue.report_batches",
            "data.aws_iam_role.lambda_role"
          ]
        }
      ]
    },
    {
      "mode": "managed",
      "type": "aws_lambda_permission",
      "name": "apigw_lambda_permission_unitary_wh",
      "provider": "provider[\"registry.terraform.io/hashicorp/aws\"]",
      "instances": [
        {
          "schema_version": 0,
          "attributes": {
            "action": "lambda:InvokeFunction",
            "event_source_token": null,
            "function_name": "develop-unitary-webhook",
            "function_url_auth_type": null,
            "id": "AllowAPIGatewayInvokeUnitaryWH",
            "principal": "apigateway.amazonaws.com",
            "principal_org_id": null,
            "qualifier": "",
            "source_account": null,
            "source_arn": "arn:aws:execute-api:us-west-1:396913719177:az9y9aqo7h//POST/unitarywh",
            "statement_id": "AllowAPIGatewayInvokeUnitaryWH",
            "statement_id_prefix": ""
          },
          "sensitive_attributes": [],
          "private": "bnVsbA==",
          "dependencies": [
            "aws_api_gateway_rest_api.creator_catalyst_integrations",
            "aws_lambda_function.unitary_webhook",
            "data.aws_iam_role.lambda_role"
          ]
        }
      ]
    },
    {
      "mode": "managed",
      "type": "aws_s3_bucket",
      "name": "creator_catalyst_analytics",
      "provider": "provider[\"registry.terraform.io/hashicorp/aws\"]",
      "instances": [
        {
          "schema_version": 0,
          "attributes": {
            "acceleration_status": "",
            "acl": null,
            "arn": "arn:aws:s3:::develop-creator-catalyst-analytics",
            "bucket": "develop-creator-catalyst-analytics",
            "bucket_domain_name": "develop-creator-catalyst-analytics.s3.amazonaws.com",
            "bucket_prefix": "",
            "bucket_regional_domain_name": "develop-creator-catalyst-analytics.s3.us-west-1.amazonaws.com",
            "cors_rule": [],
            "force_destroy": false,
            "grant": [
              {
                "id": "91cd5503ecea88938cf5ef08d43e4a0650dcfad5bb7e51874030f21b4969b846",
                "permissions": [
                  "FULL_CONTROL"
                ],
                "type": "CanonicalUser",
                "uri": ""
              }
            ],
            "hosted_zone_id": "Z2F56UZL2M1ACD",
            "id": "develop-creator-catalyst-analytics",
            "lifecycle_rule": [],
            "logging": [],
            "object_lock_configuration": [],
            "object_lock_enabled": false,
            "policy": "",
            "region": "us-west-1",
            "replication_configuration": [],
            "request_payer": "BucketOwner",
            "server_side_encryption_configuration": [
              {
                "rule": [
                  {
                    "apply_server_side_encryption_by_default": [
                      {
                        "kms_master_key_id": "",
                        "sse_algorithm": "AES256"
                      }
                    ],
                    "bucket_key_enabled": false
                  }
                ]
              }
            ],
            "tags": {
              "environment": "develop"
            },
            "tags_all": {
              "environment": "develop"
            },
            "timeouts": null,
            "versioning": [
              {
                "enabled": false,
                "mfa_delete": false
              }
            ],
            "website": [],
            "website_domain": null,
            "website_endpoint": null
          },
          "sensitive_attributes": [],
          "private": "eyJlMmJmYjczMC1lY2FhLTExZTYtOGY4OC0zNDM2M2JjN2M0YzAiOnsiY3JlYXRlIjoxMjAwMDAwMDAwMDAwLCJkZWxldGUiOjM2MDAwMDAwMDAwMDAsInJlYWQiOjEyMDAwMDAwMDAwMDAsInVwZGF0ZSI6MTIwMDAwMDAwMDAwMH19"
        }
      ]
    },
    {
      "mode": "managed",
      "type": "aws_s3_object",
      "name": "glue_script",
      "provider": "provider[\"registry.terraform.io/hashicorp/aws\"]",
      "instances": [
        {
          "schema_version": 0,
          "attributes": {
            "acl": "private",
            "bucket": "develop-creator-catalyst-analytics",
            "bucket_key_enabled": false,
            "cache_control": "",
            "content": null,
            "content_base64": null,
            "content_disposition": "",
            "content_encoding": "",
            "content_language": "",
            "content_type": "binary/octet-stream",
            "etag": "df6532c55558a7fad7d9b62c743cd3d4",
            "force_destroy": false,
            "id": "scripts/convert_file.py",
            "key": "scripts/convert_file.py",
            "kms_key_id": null,
            "metadata": {},
            "object_lock_legal_hold_status": "",
            "object_lock_mode": "",
            "object_lock_retain_until_date": "",
            "server_side_encryption": "AES256",
            "source": "scripts/convert_file.py",
            "source_hash": null,
            "storage_class": "STANDARD",
            "tags": {},
            "tags_all": {},
            "version_id": "",
            "website_redirect": ""
          },
          "sensitive_attributes": [],
          "private": "bnVsbA==",
          "dependencies": [
            "aws_s3_bucket.creator_catalyst_analytics"
          ]
        }
      ]
    },
    {
      "mode": "managed",
      "type": "aws_sqs_queue",
      "name": "creator_catalyst_post_processing",
      "provider": "provider[\"registry.terraform.io/hashicorp/aws\"]",
      "instances": [
        {
          "schema_version": 0,
          "attributes": {
            "arn": "arn:aws:sqs:us-west-1:396913719177:develop-post-processing",
            "content_based_deduplication": false,
            "deduplication_scope": "",
            "delay_seconds": 0,
            "fifo_queue": false,
            "fifo_throughput_limit": "",
            "id": "https://sqs.us-west-1.amazonaws.com/396913719177/develop-post-processing",
            "kms_data_key_reuse_period_seconds": 300,
            "kms_master_key_id": "",
            "max_message_size": 262144,
            "message_retention_seconds": 345600,
            "name": "develop-post-processing",
            "name_prefix": "",
            "policy": "",
            "receive_wait_time_seconds": 0,
            "redrive_allow_policy": "",
            "redrive_policy": "",
            "sqs_managed_sse_enabled": true,
            "tags": {},
            "tags_all": {},
            "url": "https://sqs.us-west-1.amazonaws.com/396913719177/develop-post-processing",
            "visibility_timeout_seconds": 30
          },
          "sensitive_attributes": [],
          "private": "bnVsbA=="
        }
      ]
    },
    {
      "mode": "managed",
      "type": "aws_sqs_queue",
      "name": "creator_catalyst_queue_cc",
      "provider": "provider[\"registry.terraform.io/hashicorp/aws\"]",
      "instances": [
        {
          "schema_version": 0,
          "attributes": {
            "arn": "arn:aws:sqs:us-west-1:396913719177:develop-dev-queue-cc",
            "content_based_deduplication": false,
            "deduplication_scope": "",
            "delay_seconds": 0,
            "fifo_queue": false,
            "fifo_throughput_limit": "",
            "id": "https://sqs.us-west-1.amazonaws.com/396913719177/develop-dev-queue-cc",
            "kms_data_key_reuse_period_seconds": 300,
            "kms_master_key_id": "",
            "max_message_size": 262144,
            "message_retention_seconds": 345600,
            "name": "develop-dev-queue-cc",
            "name_prefix": "",
            "policy": "",
            "receive_wait_time_seconds": 0,
            "redrive_allow_policy": "",
            "redrive_policy": "",
            "sqs_managed_sse_enabled": true,
            "tags": {},
            "tags_all": {},
            "url": "https://sqs.us-west-1.amazonaws.com/396913719177/develop-dev-queue-cc",
            "visibility_timeout_seconds": 30
          },
          "sensitive_attributes": [],
          "private": "bnVsbA=="
        }
      ]
    },
    {
      "mode": "managed",
      "type": "aws_sqs_queue",
      "name": "media_processing",
      "provider": "provider[\"registry.terraform.io/hashicorp/aws\"]",
      "instances": [
        {
          "schema_version": 0,
          "attributes": {
            "arn": "arn:aws:sqs:us-west-1:396913719177:develop-media-processing",
            "content_based_deduplication": false,
            "deduplication_scope": "",
            "delay_seconds": 0,
            "fifo_queue": false,
            "fifo_throughput_limit": "",
            "id": "https://sqs.us-west-1.amazonaws.com/396913719177/develop-media-processing",
            "kms_data_key_reuse_period_seconds": 300,
            "kms_master_key_id": "",
            "max_message_size": 262144,
            "message_retention_seconds": 345600,
            "name": "develop-media-processing",
            "name_prefix": "",
            "policy": "",
            "receive_wait_time_seconds": 0,
            "redrive_allow_policy": "",
            "redrive_policy": "",
            "sqs_managed_sse_enabled": true,
            "tags": {},
            "tags_all": {},
            "url": "https://sqs.us-west-1.amazonaws.com/396913719177/develop-media-processing",
            "visibility_timeout_seconds": 30
          },
          "sensitive_attributes": [],
          "private": "bnVsbA=="
        }
      ]
    },
    {
      "mode": "managed",
      "type": "aws_sqs_queue",
      "name": "metrics_reporting",
      "provider": "provider[\"registry.terraform.io/hashicorp/aws\"]",
      "instances": [
        {
          "schema_version": 0,
          "attributes": {
            "arn": "arn:aws:sqs:us-west-1:396913719177:develop-metrics-reporting",
            "content_based_deduplication": false,
            "deduplication_scope": "",
            "delay_seconds": 0,
            "fifo_queue": false,
            "fifo_throughput_limit": "",
            "id": "https://sqs.us-west-1.amazonaws.com/396913719177/develop-metrics-reporting",
            "kms_data_key_reuse_period_seconds": 300,
            "kms_master_key_id": "",
            "max_message_size": 262144,
            "message_retention_seconds": 345600,
            "name": "develop-metrics-reporting",
            "name_prefix": "",
            "policy": "",
            "receive_wait_time_seconds": 0,
            "redrive_allow_policy": "",
            "redrive_policy": "",
            "sqs_managed_sse_enabled": true,
            "tags": {},
            "tags_all": {},
            "url": "https://sqs.us-west-1.amazonaws.com/396913719177/develop-metrics-reporting",
            "visibility_timeout_seconds": 30
          },
          "sensitive_attributes": [],
          "private": "bnVsbA=="
        }
      ]
    },
    {
      "mode": "managed",
      "type": "aws_sqs_queue",
      "name": "report_batches",
      "provider": "provider[\"registry.terraform.io/hashicorp/aws\"]",
      "instances": [
        {
          "schema_version": 0,
          "attributes": {
            "arn": "arn:aws:sqs:us-west-1:396913719177:develop-report-batches",
            "content_based_deduplication": false,
            "deduplication_scope": "",
            "delay_seconds": 0,
            "fifo_queue": false,
            "fifo_throughput_limit": "",
            "id": "https://sqs.us-west-1.amazonaws.com/396913719177/develop-report-batches",
            "kms_data_key_reuse_period_seconds": 300,
            "kms_master_key_id": "",
            "max_message_size": 262144,
            "message_retention_seconds": 345600,
            "name": "develop-report-batches",
            "name_prefix": "",
            "policy": "",
            "receive_wait_time_seconds": 0,
            "redrive_allow_policy": "",
            "redrive_policy": "",
            "sqs_managed_sse_enabled": true,
            "tags": {},
            "tags_all": {},
            "url": "https://sqs.us-west-1.amazonaws.com/396913719177/develop-report-batches",
            "visibility_timeout_seconds": 30
          },
          "sensitive_attributes": [],
          "private": "bnVsbA=="
        }
      ]
    },
    {
      "mode": "managed",
      "type": "aws_sqs_queue",
      "name": "send_email_queue",
      "provider": "provider[\"registry.terraform.io/hashicorp/aws\"]",
      "instances": [
        {
          "schema_version": 0,
          "attributes": {
            "arn": "arn:aws:sqs:us-west-1:396913719177:develop-send-email-queue-cc",
            "content_based_deduplication": false,
            "deduplication_scope": "",
            "delay_seconds": 0,
            "fifo_queue": false,
            "fifo_throughput_limit": "",
            "id": "https://sqs.us-west-1.amazonaws.com/396913719177/develop-send-email-queue-cc",
            "kms_data_key_reuse_period_seconds": 300,
            "kms_master_key_id": "",
            "max_message_size": 262144,
            "message_retention_seconds": 345600,
            "name": "develop-send-email-queue-cc",
            "name_prefix": "",
            "policy": "",
            "receive_wait_time_seconds": 0,
            "redrive_allow_policy": "",
            "redrive_policy": "",
            "sqs_managed_sse_enabled": true,
            "tags": {},
            "tags_all": {},
            "url": "https://sqs.us-west-1.amazonaws.com/396913719177/develop-send-email-queue-cc",
            "visibility_timeout_seconds": 30
          },
          "sensitive_attributes": [],
          "private": "bnVsbA=="
        }
      ]
    }
  ],
  "check_results": null
}
